
Microsoft Visual Studio Solution File, Format Version 12.00
Project("{2150E333-8FDC-42A3-9474-1A3956D46DE8}") = "AkGaming.Management.Modules.MemberManagement", "AkGaming.Management.Modules.MemberManagement", "{4D2E8816-7E83-4B8E-A723-F29F3AFEB53C}"
EndProject
Project("{FAE04EC0-301F-11D3-BF4B-00C04F79EFBC}") = "AkGaming.Management.Modules.MemberManagement.Application", "Modules\MemberManagement\Application\AkGaming.Management.Modules.MemberManagement.Application.csproj", "{DF0CFE7D-70BF-4DDA-A517-7D6B74A18217}"
EndProject
Project("{FAE04EC0-301F-11D3-BF4B-00C04F79EFBC}") = "AkGaming.Management.Modules.MemberManagement.Domain", "Modules\MemberManagement\Domain\AkGaming.Management.Modules.MemberManagement.Domain.csproj", "{D245B692-AEA6-4D1C-8815-80B575D7E737}"
EndProject
Project("{FAE04EC0-301F-11D3-BF4B-00C04F79EFBC}") = "AkGaming.Management.Modules.MemberManagement.Contracts", "Modules\MemberManagement\Contracts\AkGaming.Management.Modules.MemberManagement.Contracts.csproj", "{D78319CB-C002-48FC-84E3-4807F8212667}"
EndProject
Project("{FAE04EC0-301F-11D3-BF4B-00C04F79EFBC}") = "AkGaming.Management.Modules.MemberManagement.Infrastructure", "Modules\MemberManagement\Infrastructure\AkGaming.Management.Modules.MemberManagement.Infrastructure.csproj", "{523002D1-4CED-48D7-85A4-77E7339385C4}"
EndProject
Project("{FAE04EC0-301F-11D3-BF4B-00C04F79EFBC}") = "AkGaming.Management.Modules.MemberManagement.Tests", "Modules\MemberManagement\Tests\AkGaming.Management.Modules.MemberManagement.Tests.csproj", "{3042B0DD-87BD-4E13-98B3-02BB49DD8202}"
EndProject
Project("{2150E333-8FDC-42A3-9474-1A3956D46DE8}") = "AkGaming.Core.Common", "AkGaming.Core.Common", "{784C9BDC-AA34-478F-9F51-20BFD73BCC3A}"
EndProject
Project("{FAE04EC0-301F-11D3-BF4B-00C04F79EFBC}") = "AkGaming.Core.Common", "..\AkGaming.Core\Common\AkGaming.Core.Common.csproj", "{7AA0C960-799E-4FEA-85BE-219A4F66B5C1}"
EndProject
Project("{FAE04EC0-301F-11D3-BF4B-00C04F79EFBC}") = "AkGaming.Management.Modules.MemberManagement.Api", "Modules\MemberManagement\Api\AkGaming.Management.Modules.MemberManagement.Api.csproj", "{EEACBAFB-559C-43DE-AA03-9862F67E970A}"
EndProject
Project("{FAE04EC0-301F-11D3-BF4B-00C04F79EFBC}") = "AkGaming.Management.WebApi", "WebApi\AkGaming.Management.WebApi.csproj", "{83796A1E-4B91-40F0-B63C-EA69A16AA3C6}"
EndProject
Project("{FAE04EC0-301F-11D3-BF4B-00C04F79EFBC}") = "AkGaming.Management.Frontend.Components", "Frontend.Components\AkGaming.Management.Frontend.Components.csproj", "{71CCA1B1-C171-46B3-AC0A-447423BF01C2}"
EndProject
Project("{2150E333-8FDC-42A3-9474-1A3956D46DE8}") = "Frontend", "Frontend", "{3974AB6F-C0EC-4EC3-A40E-71017707AA0F}"
EndProject
Project("{FAE04EC0-301F-11D3-BF4B-00C04F79EFBC}") = "AkGaming.Management.Frontend", "Frontend\AkGaming.Management.Frontend.csproj", "{8DC1B747-5093-4CD9-A9E1-C14E518239E0}"
EndProject
Project("{FAE04EC0-301F-11D3-BF4B-00C04F79EFBC}") = "AkGaming.Identity.Contracts", "..\AkGaming.Identity\Contracts\AkGaming.Identity.Contracts.csproj", "{A451B000-3EE4-4CDB-BF29-47568741E3E1}"
EndProject
Project("{2150E333-8FDC-42A3-9474-1A3956D46DE8}") = "Modules", "Modules", "{CA253913-39DE-BFD0-C9A3-4B7EC6FBDF17}"
EndProject
Project("{2150E333-8FDC-42A3-9474-1A3956D46DE8}") = "MemberManagement", "MemberManagement", "{1F47330F-AB43-BCFB-147F-009CD52107E0}"
EndProject
Project("{2150E333-8FDC-42A3-9474-1A3956D46DE8}") = "Migrations", "Migrations", "{17D933FC-B744-8FD4-873D-F69475001DFB}"
EndProject
Project("{2150E333-8FDC-42A3-9474-1A3956D46DE8}") = "Postgres", "Postgres", "{F3EA7EFA-1C83-E339-31E0-0E30258E478D}"
EndProject
Project("{FAE04EC0-301F-11D3-BF4B-00C04F79EFBC}") = "AkGaming.Management.Modules.MemberManagement.Migrations.Postgres", "Modules\MemberManagement\Migrations\Postgres\AkGaming.Management.Modules.MemberManagement.Migrations.Postgres.csproj", "{7951DA79-09B7-44E7-9CF5-C977C6F3DAC1}"
EndProject
Project("{2150E333-8FDC-42A3-9474-1A3956D46DE8}") = "Sqlite", "Sqlite", "{76694B99-E1C2-D38E-B539-272FF83CF759}"
EndProject
Project("{FAE04EC0-301F-11D3-BF4B-00C04F79EFBC}") = "AkGaming.Management.Modules.MemberManagement.Migrations.Sqlite", "Modules\MemberManagement\Migrations\Sqlite\AkGaming.Management.Modules.MemberManagement.Migrations.Sqlite.csproj", "{B86750A2-5DFE-401F-8289-04E0BC4E1716}"
EndProject
Project("{FAE04EC0-301F-11D3-BF4B-00C04F79EFBC}") = "AkGaming.Core.Constants", "..\AkGaming.Core\Constants\AkGaming.Core.Constants.csproj", "{9E449909-DD27-4DDD-B167-995E782E3239}"
EndProject
Project("{2150E333-8FDC-42A3-9474-1A3956D46DE8}") = "InvoiceManagement", "InvoiceManagement", "{20EDA20B-B86F-BAE2-8853-8254F8238041}"
EndProject
Project("{FAE04EC0-301F-11D3-BF4B-00C04F79EFBC}") = "AkGaming.Management.Modules.InvoiceManagement.Api", "Modules\InvoiceManagement\Api\AkGaming.Management.Modules.InvoiceManagement.Api.csproj", "{5728B379-8388-43BC-AFF4-DD7E4DB4C038}"
EndProject
Project("{FAE04EC0-301F-11D3-BF4B-00C04F79EFBC}") = "AkGaming.Management.Modules.InvoiceManagement.Application", "Modules\InvoiceManagement\Application\AkGaming.Management.Modules.InvoiceManagement.Application.csproj", "{8A71D08B-C4B6-4629-B7CB-61AAA6C261A1}"
EndProject
Project("{FAE04EC0-301F-11D3-BF4B-00C04F79EFBC}") = "AkGaming.Management.Modules.InvoiceManagement.Contracts", "Modules\InvoiceManagement\Contracts\AkGaming.Management.Modules.InvoiceManagement.Contracts.csproj", "{9279751F-81B9-416B-A52A-28FE3D0C2D43}"
EndProject
Project("{FAE04EC0-301F-11D3-BF4B-00C04F79EFBC}") = "AkGaming.Management.Modules.InvoiceManagement.Domain", "Modules\InvoiceManagement\Domain\AkGaming.Management.Modules.InvoiceManagement.Domain.csproj", "{731B6002-EA10-483C-97F1-0D3C0AB27B0A}"
EndProject
Project("{FAE04EC0-301F-11D3-BF4B-00C04F79EFBC}") = "AkGaming.Management.Modules.InvoiceManagement.Infrastructure", "Modules\InvoiceManagement\Infrastructure\AkGaming.Management.Modules.InvoiceManagement.Infrastructure.csproj", "{5541A010-A7FE-41F2-B4FD-80D43C3CFEA8}"
EndProject
Project("{FAE04EC0-301F-11D3-BF4B-00C04F79EFBC}") = "AkGaming.Management.Modules.InvoiceManagement.Migrations.Postgres", "Modules\InvoiceManagement\Migrations\Postgres\AkGaming.Management.Modules.InvoiceManagement.Migrations.Postgres.csproj", "{31D6FF0E-1BA3-4C04-B99C-604455529CB9}"
EndProject
Project("{FAE04EC0-301F-11D3-BF4B-00C04F79EFBC}") = "AkGaming.Management.Modules.InvoiceManagement.Migrations.Sqlite", "Modules\InvoiceManagement\Migrations\Sqlite\AkGaming.Management.Modules.InvoiceManagement.Migrations.Sqlite.csproj", "{79436A37-70C3-4192-82BA-C2A7A2C584D1}"
EndProject
Project("{FAE04EC0-301F-11D3-BF4B-00C04F79EFBC}") = "AkGaming.Management.Modules.InvoiceManagement.Tests", "Modules\InvoiceManagement\Tests\AkGaming.Management.Modules.InvoiceManagement.Tests.csproj", "{5775AC68-DC3E-404E-A523-133461CAB99D}"
EndProject
Project("{2150E333-8FDC-42A3-9474-1A3956D46DE8}") = "Disbursements", "Disbursements", "{D15B0000-0000-4000-8000-000000000001}"
EndProject
Project("{FAE04EC0-301F-11D3-BF4B-00C04F79EFBC}") = "AkGaming.Management.Modules.Disbursements.Api", "Modules\Disbursements\Api\AkGaming.Management.Modules.Disbursements.Api.csproj", "{D15B0000-0000-4000-8000-000000000002}"
EndProject
Project("{FAE04EC0-301F-11D3-BF4B-00C04F79EFBC}") = "AkGaming.Management.Modules.Disbursements.Application", "Modules\Disbursements\Application\AkGaming.Management.Modules.Disbursements.Application.csproj", "{D15B0000-0000-4000-8000-000000000003}"
EndProject
Project("{FAE04EC0-301F-11D3-BF4B-00C04F79EFBC}") = "AkGaming.Management.Modules.Disbursements.Contracts", "Modules\Disbursements\Contracts\AkGaming.Management.Modules.Disbursements.Contracts.csproj", "{D15B0000-0000-4000-8000-000000000004}"
EndProject
Project("{FAE04EC0-301F-11D3-BF4B-00C04F79EFBC}") = "AkGaming.Management.Modules.Disbursements.Domain", "Modules\Disbursements\Domain\AkGaming.Management.Modules.Disbursements.Domain.csproj", "{D15B0000-0000-4000-8000-000000000005}"
EndProject
Project("{FAE04EC0-301F-11D3-BF4B-00C04F79EFBC}") = "AkGaming.Management.Modules.Disbursements.Infrastructure", "Modules\Disbursements\Infrastructure\AkGaming.Management.Modules.Disbursements.Infrastructure.csproj", "{D15B0000-0000-4000-8000-000000000006}"
EndProject
Project("{FAE04EC0-301F-11D3-BF4B-00C04F79EFBC}") = "AkGaming.Management.Modules.Disbursements.Migrations.Postgres", "Modules\Disbursements\Migrations\Postgres\AkGaming.Management.Modules.Disbursements.Migrations.Postgres.csproj", "{D15B0000-0000-4000-8000-000000000007}"
EndProject
Project("{FAE04EC0-301F-11D3-BF4B-00C04F79EFBC}") = "AkGaming.Management.Modules.Disbursements.Migrations.Sqlite", "Modules\Disbursements\Migrations\Sqlite\AkGaming.Management.Modules.Disbursements.Migrations.Sqlite.csproj", "{D15B0000-0000-4000-8000-000000000008}"
EndProject
Project("{FAE04EC0-301F-11D3-BF4B-00C04F79EFBC}") = "AkGaming.Management.Modules.Disbursements.Tests", "Modules\Disbursements\Tests\AkGaming.Management.Modules.Disbursements.Tests.csproj", "{D15B0000-0000-4000-8000-000000000009}"
EndProject
Project("{2150E333-8FDC-42A3-9474-1A3956D46DE8}") = "BoardManagement", "BoardManagement", "{A8D78AFF-10B5-206E-B6D5-59D7523918D9}"
EndProject
Project("{2150E333-8FDC-42A3-9474-1A3956D46DE8}") = "Domain", "Domain", "{B93A1BE6-5B4E-40F8-B697-A6DD7DCC8693}"
EndProject
Project("{FAE04EC0-301F-11D3-BF4B-00C04F79EFBC}") = "AkGaming.Management.Modules.BoardManagement.Domain", "Modules\BoardManagement\Domain\AkGaming.Management.Modules.BoardManagement.Domain.csproj", "{53008E5D-092C-4A1A-8219-AF11DAF366A4}"
EndProject
Project("{2150E333-8FDC-42A3-9474-1A3956D46DE8}") = "Contracts", "Contracts", "{D2BB1C3C-91EE-B90B-9FE8-5C6B7289DFB1}"
EndProject
Project("{FAE04EC0-301F-11D3-BF4B-00C04F79EFBC}") = "AkGaming.Management.Modules.BoardManagement.Contracts", "Modules\BoardManagement\Contracts\AkGaming.Management.Modules.BoardManagement.Contracts.csproj", "{54CC6198-0787-47A2-981E-D7AB71F627D7}"
EndProject
Project("{2150E333-8FDC-42A3-9474-1A3956D46DE8}") = "Application", "Application", "{B1AA2A03-90C6-8799-4F5E-BED8CC871A43}"
EndProject
Project("{FAE04EC0-301F-11D3-BF4B-00C04F79EFBC}") = "AkGaming.Management.Modules.BoardManagement.Application", "Modules\BoardManagement\Application\AkGaming.Management.Modules.BoardManagement.Application.csproj", "{0946D82E-429D-462A-88C0-8F8F1003AD2E}"
EndProject
Project("{2150E333-8FDC-42A3-9474-1A3956D46DE8}") = "Infrastructure", "Infrastructure", "{AC216143-89B5-4546-2097-D1798AA3B849}"
EndProject
Project("{FAE04EC0-301F-11D3-BF4B-00C04F79EFBC}") = "AkGaming.Management.Modules.BoardManagement.Infrastructure", "Modules\BoardManagement\Infrastructure\AkGaming.Management.Modules.BoardManagement.Infrastructure.csproj", "{013DBA06-ACA8-4C0E-9BD3-62405C4862A4}"
EndProject
Project("{2150E333-8FDC-42A3-9474-1A3956D46DE8}") = "Api", "Api", "{F82CA06D-FDC8-8005-8E4C-F9264B5A9B05}"
EndProject
Project("{FAE04EC0-301F-11D3-BF4B-00C04F79EFBC}") = "AkGaming.Management.Modules.BoardManagement.Api", "Modules\BoardManagement\Api\AkGaming.Management.Modules.BoardManagement.Api.csproj", "{D500C9E8-5806-4232-9873-CE7B48CF96B3}"
EndProject
Project("{2150E333-8FDC-42A3-9474-1A3956D46DE8}") = "Migrations", "Migrations", "{A14030E4-0A53-6D5D-3924-F35A9F5592A3}"
EndProject
Project("{2150E333-8FDC-42A3-9474-1A3956D46DE8}") = "Postgres", "Postgres", "{DA861939-3896-8D09-D9E2-8AB1F95153EB}"
EndProject
Project("{FAE04EC0-301F-11D3-BF4B-00C04F79EFBC}") = "AkGaming.Management.Modules.BoardManagement.Migrations.Postgres", "Modules\BoardManagement\Migrations\Postgres\AkGaming.Management.Modules.BoardManagement.Migrations.Postgres.csproj", "{71700A30-81DC-4648-8F2F-E899E4AD29C5}"
EndProject
Project("{2150E333-8FDC-42A3-9474-1A3956D46DE8}") = "Sqlite", "Sqlite", "{F39F13EC-8617-784E-35C4-438B408755F9}"
EndProject
Project("{FAE04EC0-301F-11D3-BF4B-00C04F79EFBC}") = "AkGaming.Management.Modules.BoardManagement.Migrations.Sqlite", "Modules\BoardManagement\Migrations\Sqlite\AkGaming.Management.Modules.BoardManagement.Migrations.Sqlite.csproj", "{3EF272A3-AAE0-4350-9394-34E6DD05DCC6}"
EndProject
Project("{2150E333-8FDC-42A3-9474-1A3956D46DE8}") = "Tests", "Tests", "{4C0ED305-5DF8-A68A-9941-21926B842D5C}"
EndProject
Project("{FAE04EC0-301F-11D3-BF4B-00C04F79EFBC}") = "AkGaming.Management.Modules.BoardManagement.Tests", "Modules\BoardManagement\Tests\AkGaming.Management.Modules.BoardManagement.Tests.csproj", "{8ECBE559-11E3-4C1C-BCDE-3F4D9AEA4295}"
EndProject
Project("{2150E333-8FDC-42A3-9474-1A3956D46DE8}") = "Frontend.Tests", "Frontend.Tests", "{2B739508-24AF-E223-DD7D-30AA70EFDE1C}"
EndProject
Project("{FAE04EC0-301F-11D3-BF4B-00C04F79EFBC}") = "AkGaming.Management.Frontend.Tests", "Frontend.Tests\AkGaming.Management.Frontend.Tests.csproj", "{3641C842-E434-46EC-AB97-C97B96917DFB}"
EndProject
Global
	GlobalSection(SolutionConfigurationPlatforms) = preSolution
		Debug|Any CPU = Debug|Any CPU
		Debug|x64 = Debug|x64
		Debug|x86 = Debug|x86
		Release|Any CPU = Release|Any CPU
		Release|x64 = Release|x64
		Release|x86 = Release|x86
	EndGlobalSection
	GlobalSection(ProjectConfigurationPlatforms) = postSolution
		{DF0CFE7D-70BF-4DDA-A517-7D6B74A18217}.Debug|Any CPU.ActiveCfg = Debug|Any CPU
		{DF0CFE7D-70BF-4DDA-A517-7D6B74A18217}.Debug|Any CPU.Build.0 = Debug|Any CPU
		{DF0CFE7D-70BF-4DDA-A517-7D6B74A18217}.Debug|x64.ActiveCfg = Debug|Any CPU
		{DF0CFE7D-70BF-4DDA-A517-7D6B74A18217}.Debug|x64.Build.0 = Debug|Any CPU
		{DF0CFE7D-70BF-4DDA-A517-7D6B74A18217}.Debug|x86.ActiveCfg = Debug|Any CPU
		{DF0CFE7D-70BF-4DDA-A517-7D6B74A18217}.Debug|x86.Build.0 = Debug|Any CPU
		{DF0CFE7D-70BF-4DDA-A517-7D6B74A18217}.Release|Any CPU.ActiveCfg = Release|Any CPU
		{DF0CFE7D-70BF-4DDA-A517-7D6B74A18217}.Release|Any CPU.Build.0 = Release|Any CPU
		{DF0CFE7D-70BF-4DDA-A517-7D6B74A18217}.Release|x64.ActiveCfg = Release|Any CPU
		{DF0CFE7D-70BF-4DDA-A517-7D6B74A18217}.Release|x64.Build.0 = Release|Any CPU
		{DF0CFE7D-70BF-4DDA-A517-7D6B74A18217}.Release|x86.ActiveCfg = Release|Any CPU
		{DF0CFE7D-70BF-4DDA-A517-7D6B74A18217}.Release|x86.Build.0 = Release|Any CPU
		{D245B692-AEA6-4D1C-8815-80B575D7E737}.Debug|Any CPU.ActiveCfg = Debug|Any CPU
		{D245B692-AEA6-4D1C-8815-80B575D7E737}.Debug|Any CPU.Build.0 = Debug|Any CPU
		{D245B692-AEA6-4D1C-8815-80B575D7E737}.Debug|x64.ActiveCfg = Debug|Any CPU
		{D245B692-AEA6-4D1C-8815-80B575D7E737}.Debug|x64.Build.0 = Debug|Any CPU
		{D245B692-AEA6-4D1C-8815-80B575D7E737}.Debug|x86.ActiveCfg = Debug|Any CPU
		{D245B692-AEA6-4D1C-8815-80B575D7E737}.Debug|x86.Build.0 = Debug|Any CPU
		{D245B692-AEA6-4D1C-8815-80B575D7E737}.Release|Any CPU.ActiveCfg = Release|Any CPU
		{D245B692-AEA6-4D1C-8815-80B575D7E737}.Release|Any CPU.Build.0 = Release|Any CPU
		{D245B692-AEA6-4D1C-8815-80B575D7E737}.Release|x64.ActiveCfg = Release|Any CPU
		{D245B692-AEA6-4D1C-8815-80B575D7E737}.Release|x64.Build.0 = Release|Any CPU
		{D245B692-AEA6-4D1C-8815-80B575D7E737}.Release|x86.ActiveCfg = Release|Any CPU
		{D245B692-AEA6-4D1C-8815-80B575D7E737}.Release|x86.Build.0 = Release|Any CPU
		{D78319CB-C002-48FC-84E3-4807F8212667}.Debug|Any CPU.ActiveCfg = Debug|Any CPU
		{D78319CB-C002-48FC-84E3-4807F8212667}.Debug|Any CPU.Build.0 = Debug|Any CPU
		{D78319CB-C002-48FC-84E3-4807F8212667}.Debug|x64.ActiveCfg = Debug|Any CPU
		{D78319CB-C002-48FC-84E3-4807F8212667}.Debug|x64.Build.0 = Debug|Any CPU
		{D78319CB-C002-48FC-84E3-4807F8212667}.Debug|x86.ActiveCfg = Debug|Any CPU
		{D78319CB-C002-48FC-84E3-4807F8212667}.Debug|x86.Build.0 = Debug|Any CPU
		{D78319CB-C002-48FC-84E3-4807F8212667}.Release|Any CPU.ActiveCfg = Release|Any CPU
		{D78319CB-C002-48FC-84E3-4807F8212667}.Release|Any CPU.Build.0 = Release|Any CPU
		{D78319CB-C002-48FC-84E3-4807F8212667}.Release|x64.ActiveCfg = Release|Any CPU
		{D78319CB-C002-48FC-84E3-4807F8212667}.Release|x64.Build.0 = Release|Any CPU
		{D78319CB-C002-48FC-84E3-4807F8212667}.Release|x86.ActiveCfg = Release|Any CPU
		{D78319CB-C002-48FC-84E3-4807F8212667}.Release|x86.Build.0 = Release|Any CPU
		{523002D1-4CED-48D7-85A4-77E7339385C4}.Debug|Any CPU.ActiveCfg = Debug|Any CPU
		{523002D1-4CED-48D7-85A4-77E7339385C4}.Debug|Any CPU.Build.0 = Debug|Any CPU
		{523002D1-4CED-48D7-85A4-77E7339385C4}.Debug|x64.ActiveCfg = Debug|Any CPU
		{523002D1-4CED-48D7-85A4-77E7339385C4}.Debug|x64.Build.0 = Debug|Any CPU
		{523002D1-4CED-48D7-85A4-77E7339385C4}.Debug|x86.ActiveCfg = Debug|Any CPU
		{523002D1-4CED-48D7-85A4-77E7339385C4}.Debug|x86.Build.0 = Debug|Any CPU
		{523002D1-4CED-48D7-85A4-77E7339385C4}.Release|Any CPU.ActiveCfg = Release|Any CPU
		{523002D1-4CED-48D7-85A4-77E7339385C4}.Release|Any CPU.Build.0 = Release|Any CPU
		{523002D1-4CED-48D7-85A4-77E7339385C4}.Release|x64.ActiveCfg = Release|Any CPU
		{523002D1-4CED-48D7-85A4-77E7339385C4}.Release|x64.Build.0 = Release|Any CPU
		{523002D1-4CED-48D7-85A4-77E7339385C4}.Release|x86.ActiveCfg = Release|Any CPU
		{523002D1-4CED-48D7-85A4-77E7339385C4}.Release|x86.Build.0 = Release|Any CPU
		{3042B0DD-87BD-4E13-98B3-02BB49DD8202}.Debug|Any CPU.ActiveCfg = Debug|Any CPU
		{3042B0DD-87BD-4E13-98B3-02BB49DD8202}.Debug|Any CPU.Build.0 = Debug|Any CPU
		{3042B0DD-87BD-4E13-98B3-02BB49DD8202}.Debug|x64.ActiveCfg = Debug|Any CPU
		{3042B0DD-87BD-4E13-98B3-02BB49DD8202}.Debug|x64.Build.0 = Debug|Any CPU
		{3042B0DD-87BD-4E13-98B3-02BB49DD8202}.Debug|x86.ActiveCfg = Debug|Any CPU
		{3042B0DD-87BD-4E13-98B3-02BB49DD8202}.Debug|x86.Build.0 = Debug|Any CPU
		{3042B0DD-87BD-4E13-98B3-02BB49DD8202}.Release|Any CPU.ActiveCfg = Release|Any CPU
		{3042B0DD-87BD-4E13-98B3-02BB49DD8202}.Release|Any CPU.Build.0 = Release|Any CPU
		{3042B0DD-87BD-4E13-98B3-02BB49DD8202}.Release|x64.ActiveCfg = Release|Any CPU
		{3042B0DD-87BD-4E13-98B3-02BB49DD8202}.Release|x64.Build.0 = Release|Any CPU
		{3042B0DD-87BD-4E13-98B3-02BB49DD8202}.Release|x86.ActiveCfg = Release|Any CPU
		{3042B0DD-87BD-4E13-98B3-02BB49DD8202}.Release|x86.Build.0 = Release|Any CPU
		{7AA0C960-799E-4FEA-85BE-219A4F66B5C1}.Debug|Any CPU.ActiveCfg = Debug|Any CPU
		{7AA0C960-799E-4FEA-85BE-219A4F66B5C1}.Debug|Any CPU.Build.0 = Debug|Any CPU
		{7AA0C960-799E-4FEA-85BE-219A4F66B5C1}.Debug|x64.ActiveCfg = Debug|Any CPU
		{7AA0C960-799E-4FEA-85BE-219A4F66B5C1}.Debug|x64.Build.0 = Debug|Any CPU
		{7AA0C960-799E-4FEA-85BE-219A4F66B5C1}.Debug|x86.ActiveCfg = Debug|Any CPU
		{7AA0C960-799E-4FEA-85BE-219A4F66B5C1}.Debug|x86.Build.0 = Debug|Any CPU
		{7AA0C960-799E-4FEA-85BE-219A4F66B5C1}.Release|Any CPU.ActiveCfg = Release|Any CPU
		{7AA0C960-799E-4FEA-85BE-219A4F66B5C1}.Release|Any CPU.Build.0 = Release|Any CPU
		{7AA0C960-799E-4FEA-85BE-219A4F66B5C1}.Release|x64.ActiveCfg = Release|Any CPU
		{7AA0C960-799E-4FEA-85BE-219A4F66B5C1}.Release|x64.Build.0 = Release|Any CPU
		{7AA0C960-799E-4FEA-85BE-219A4F66B5C1}.Release|x86.ActiveCfg = Release|Any CPU
		{7AA0C960-799E-4FEA-85BE-219A4F66B5C1}.Release|x86.Build.0 = Release|Any CPU
		{EEACBAFB-559C-43DE-AA03-9862F67E970A}.Debug|Any CPU.ActiveCfg = Debug|Any CPU
		{EEACBAFB-559C-43DE-AA03-9862F67E970A}.Debug|Any CPU.Build.0 = Debug|Any CPU
		{EEACBAFB-559C-43DE-AA03-9862F67E970A}.Debug|x64.ActiveCfg = Debug|Any CPU
		{EEACBAFB-559C-43DE-AA03-9862F67E970A}.Debug|x64.Build.0 = Debug|Any CPU
		{EEACBAFB-559C-43DE-AA03-9862F67E970A}.Debug|x86.ActiveCfg = Debug|Any CPU
		{EEACBAFB-559C-43DE-AA03-9862F67E970A}.Debug|x86.Build.0 = Debug|Any CPU
		{EEACBAFB-559C-43DE-AA03-9862F67E970A}.Release|Any CPU.ActiveCfg = Release|Any CPU
		{EEACBAFB-559C-43DE-AA03-9862F67E970A}.Release|Any CPU.Build.0 = Release|Any CPU
		{EEACBAFB-559C-43DE-AA03-9862F67E970A}.Release|x64.ActiveCfg = Release|Any CPU
		{EEACBAFB-559C-43DE-AA03-9862F67E970A}.Release|x64.Build.0 = Release|Any CPU
		{EEACBAFB-559C-43DE-AA03-9862F67E970A}.Release|x86.ActiveCfg = Release|Any CPU
		{EEACBAFB-559C-43DE-AA03-9862F67E970A}.Release|x86.Build.0 = Release|Any CPU
		{83796A1E-4B91-40F0-B63C-EA69A16AA3C6}.Debug|Any CPU.ActiveCfg = Debug|Any CPU
		{83796A1E-4B91-40F0-B63C-EA69A16AA3C6}.Debug|Any CPU.Build.0 = Debug|Any CPU
		{83796A1E-4B91-40F0-B63C-EA69A16AA3C6}.Debug|x64.ActiveCfg = Debug|Any CPU
		{83796A1E-4B91-40F0-B63C-EA69A16AA3C6}.Debug|x64.Build.0 = Debug|Any CPU
		{83796A1E-4B91-40F0-B63C-EA69A16AA3C6}.Debug|x86.ActiveCfg = Debug|Any CPU
		{83796A1E-4B91-40F0-B63C-EA69A16AA3C6}.Debug|x86.Build.0 = Debug|Any CPU
		{83796A1E-4B91-40F0-B63C-EA69A16AA3C6}.Release|Any CPU.ActiveCfg = Release|Any CPU
		{83796A1E-4B91-40F0-B63C-EA69A16AA3C6}.Release|Any CPU.Build.0 = Release|Any CPU
		{83796A1E-4B91-40F0-B63C-EA69A16AA3C6}.Release|x64.ActiveCfg = Release|Any CPU
		{83796A1E-4B91-40F0-B63C-EA69A16AA3C6}.Release|x64.Build.0 = Release|Any CPU
		{83796A1E-4B91-40F0-B63C-EA69A16AA3C6}.Release|x86.ActiveCfg = Release|Any CPU
		{83796A1E-4B91-40F0-B63C-EA69A16AA3C6}.Release|x86.Build.0 = Release|Any CPU
		{71CCA1B1-C171-46B3-AC0A-447423BF01C2}.Debug|Any CPU.ActiveCfg = Debug|Any CPU
		{71CCA1B1-C171-46B3-AC0A-447423BF01C2}.Debug|Any CPU.Build.0 = Debug|Any CPU
		{71CCA1B1-C171-46B3-AC0A-447423BF01C2}.Debug|x64.ActiveCfg = Debug|Any CPU
		{71CCA1B1-C171-46B3-AC0A-447423BF01C2}.Debug|x64.Build.0 = Debug|Any CPU
		{71CCA1B1-C171-46B3-AC0A-447423BF01C2}.Debug|x86.ActiveCfg = Debug|Any CPU
		{71CCA1B1-C171-46B3-AC0A-447423BF01C2}.Debug|x86.Build.0 = Debug|Any CPU
		{71CCA1B1-C171-46B3-AC0A-447423BF01C2}.Release|Any CPU.ActiveCfg = Release|Any CPU
		{71CCA1B1-C171-46B3-AC0A-447423BF01C2}.Release|Any CPU.Build.0 = Release|Any CPU
		{71CCA1B1-C171-46B3-AC0A-447423BF01C2}.Release|x64.ActiveCfg = Release|Any CPU
		{71CCA1B1-C171-46B3-AC0A-447423BF01C2}.Release|x64.Build.0 = Release|Any CPU
		{71CCA1B1-C171-46B3-AC0A-447423BF01C2}.Release|x86.ActiveCfg = Release|Any CPU
		{71CCA1B1-C171-46B3-AC0A-447423BF01C2}.Release|x86.Build.0 = Release|Any CPU
		{8DC1B747-5093-4CD9-A9E1-C14E518239E0}.Debug|Any CPU.ActiveCfg = Debug|Any CPU
		{8DC1B747-5093-4CD9-A9E1-C14E518239E0}.Debug|Any CPU.Build.0 = Debug|Any CPU
		{8DC1B747-5093-4CD9-A9E1-C14E518239E0}.Debug|x64.ActiveCfg = Debug|Any CPU
		{8DC1B747-5093-4CD9-A9E1-C14E518239E0}.Debug|x64.Build.0 = Debug|Any CPU
		{8DC1B747-5093-4CD9-A9E1-C14E518239E0}.Debug|x86.ActiveCfg = Debug|Any CPU
		{8DC1B747-5093-4CD9-A9E1-C14E518239E0}.Debug|x86.Build.0 = Debug|Any CPU
		{8DC1B747-5093-4CD9-A9E1-C14E518239E0}.Release|Any CPU.ActiveCfg = Release|Any CPU
		{8DC1B747-5093-4CD9-A9E1-C14E518239E0}.Release|Any CPU.Build.0 = Release|Any CPU
		{8DC1B747-5093-4CD9-A9E1-C14E518239E0}.Release|x64.ActiveCfg = Release|Any CPU
		{8DC1B747-5093-4CD9-A9E1-C14E518239E0}.Release|x64.Build.0 = Release|Any CPU
		{8DC1B747-5093-4CD9-A9E1-C14E518239E0}.Release|x86.ActiveCfg = Release|Any CPU
		{8DC1B747-5093-4CD9-A9E1-C14E518239E0}.Release|x86.Build.0 = Release|Any CPU
		{A451B000-3EE4-4CDB-BF29-47568741E3E1}.Debug|Any CPU.ActiveCfg = Debug|Any CPU
		{A451B000-3EE4-4CDB-BF29-47568741E3E1}.Debug|Any CPU.Build.0 = Debug|Any CPU
		{A451B000-3EE4-4CDB-BF29-47568741E3E1}.Debug|x64.ActiveCfg = Debug|Any CPU
		{A451B000-3EE4-4CDB-BF29-47568741E3E1}.Debug|x64.Build.0 = Debug|Any CPU
		{A451B000-3EE4-4CDB-BF29-47568741E3E1}.Debug|x86.ActiveCfg = Debug|Any CPU
		{A451B000-3EE4-4CDB-BF29-47568741E3E1}.Debug|x86.Build.0 = Debug|Any CPU
		{A451B000-3EE4-4CDB-BF29-47568741E3E1}.Release|Any CPU.ActiveCfg = Release|Any CPU
		{A451B000-3EE4-4CDB-BF29-47568741E3E1}.Release|Any CPU.Build.0 = Release|Any CPU
		{A451B000-3EE4-4CDB-BF29-47568741E3E1}.Release|x64.ActiveCfg = Release|Any CPU
		{A451B000-3EE4-4CDB-BF29-47568741E3E1}.Release|x64.Build.0 = Release|Any CPU
		{A451B000-3EE4-4CDB-BF29-47568741E3E1}.Release|x86.ActiveCfg = Release|Any CPU
		{A451B000-3EE4-4CDB-BF29-47568741E3E1}.Release|x86.Build.0 = Release|Any CPU
		{7951DA79-09B7-44E7-9CF5-C977C6F3DAC1}.Debug|Any CPU.ActiveCfg = Debug|Any CPU
		{7951DA79-09B7-44E7-9CF5-C977C6F3DAC1}.Debug|Any CPU.Build.0 = Debug|Any CPU
		{7951DA79-09B7-44E7-9CF5-C977C6F3DAC1}.Debug|x64.ActiveCfg = Debug|Any CPU
		{7951DA79-09B7-44E7-9CF5-C977C6F3DAC1}.Debug|x64.Build.0 = Debug|Any CPU
		{7951DA79-09B7-44E7-9CF5-C977C6F3DAC1}.Debug|x86.ActiveCfg = Debug|Any CPU
		{7951DA79-09B7-44E7-9CF5-C977C6F3DAC1}.Debug|x86.Build.0 = Debug|Any CPU
		{7951DA79-09B7-44E7-9CF5-C977C6F3DAC1}.Release|Any CPU.ActiveCfg = Release|Any CPU
		{7951DA79-09B7-44E7-9CF5-C977C6F3DAC1}.Release|Any CPU.Build.0 = Release|Any CPU
		{7951DA79-09B7-44E7-9CF5-C977C6F3DAC1}.Release|x64.ActiveCfg = Release|Any CPU
		{7951DA79-09B7-44E7-9CF5-C977C6F3DAC1}.Release|x64.Build.0 = Release|Any CPU
		{7951DA79-09B7-44E7-9CF5-C977C6F3DAC1}.Release|x86.ActiveCfg = Release|Any CPU
		{7951DA79-09B7-44E7-9CF5-C977C6F3DAC1}.Release|x86.Build.0 = Release|Any CPU
		{B86750A2-5DFE-401F-8289-04E0BC4E1716}.Debug|Any CPU.ActiveCfg = Debug|Any CPU
		{B86750A2-5DFE-401F-8289-04E0BC4E1716}.Debug|Any CPU.Build.0 = Debug|Any CPU
		{B86750A2-5DFE-401F-8289-04E0BC4E1716}.Debug|x64.ActiveCfg = Debug|Any CPU
		{B86750A2-5DFE-401F-8289-04E0BC4E1716}.Debug|x64.Build.0 = Debug|Any CPU
		{B86750A2-5DFE-401F-8289-04E0BC4E1716}.Debug|x86.ActiveCfg = Debug|Any CPU
		{B86750A2-5DFE-401F-8289-04E0BC4E1716}.Debug|x86.Build.0 = Debug|Any CPU
		{B86750A2-5DFE-401F-8289-04E0BC4E1716}.Release|Any CPU.ActiveCfg = Release|Any CPU
		{B86750A2-5DFE-401F-8289-04E0BC4E1716}.Release|Any CPU.Build.0 = Release|Any CPU
		{B86750A2-5DFE-401F-8289-04E0BC4E1716}.Release|x64.ActiveCfg = Release|Any CPU
		{B86750A2-5DFE-401F-8289-04E0BC4E1716}.Release|x64.Build.0 = Release|Any CPU
		{B86750A2-5DFE-401F-8289-04E0BC4E1716}.Release|x86.ActiveCfg = Release|Any CPU
		{B86750A2-5DFE-401F-8289-04E0BC4E1716}.Release|x86.Build.0 = Release|Any CPU
		{9E449909-DD27-4DDD-B167-995E782E3239}.Debug|Any CPU.ActiveCfg = Debug|Any CPU
		{9E449909-DD27-4DDD-B167-995E782E3239}.Debug|Any CPU.Build.0 = Debug|Any CPU
		{9E449909-DD27-4DDD-B167-995E782E3239}.Debug|x64.ActiveCfg = Debug|Any CPU
		{9E449909-DD27-4DDD-B167-995E782E3239}.Debug|x64.Build.0 = Debug|Any CPU
		{9E449909-DD27-4DDD-B167-995E782E3239}.Debug|x86.ActiveCfg = Debug|Any CPU
		{9E449909-DD27-4DDD-B167-995E782E3239}.Debug|x86.Build.0 = Debug|Any CPU
		{9E449909-DD27-4DDD-B167-995E782E3239}.Release|Any CPU.ActiveCfg = Release|Any CPU
		{9E449909-DD27-4DDD-B167-995E782E3239}.Release|Any CPU.Build.0 = Release|Any CPU
		{9E449909-DD27-4DDD-B167-995E782E3239}.Release|x64.ActiveCfg = Release|Any CPU
		{9E449909-DD27-4DDD-B167-995E782E3239}.Release|x64.Build.0 = Release|Any CPU
		{9E449909-DD27-4DDD-B167-995E782E3239}.Release|x86.ActiveCfg = Release|Any CPU
		{9E449909-DD27-4DDD-B167-995E782E3239}.Release|x86.Build.0 = Release|Any CPU
		{5728B379-8388-43BC-AFF4-DD7E4DB4C038}.Debug|Any CPU.ActiveCfg = Debug|Any CPU
		{5728B379-8388-43BC-AFF4-DD7E4DB4C038}.Debug|Any CPU.Build.0 = Debug|Any CPU
		{5728B379-8388-43BC-AFF4-DD7E4DB4C038}.Debug|x64.ActiveCfg = Debug|Any CPU
		{5728B379-8388-43BC-AFF4-DD7E4DB4C038}.Debug|x64.Build.0 = Debug|Any CPU
		{5728B379-8388-43BC-AFF4-DD7E4DB4C038}.Debug|x86.ActiveCfg = Debug|Any CPU
		{5728B379-8388-43BC-AFF4-DD7E4DB4C038}.Debug|x86.Build.0 = Debug|Any CPU
		{5728B379-8388-43BC-AFF4-DD7E4DB4C038}.Release|Any CPU.ActiveCfg = Release|Any CPU
		{5728B379-8388-43BC-AFF4-DD7E4DB4C038}.Release|Any CPU.Build.0 = Release|Any CPU
		{5728B379-8388-43BC-AFF4-DD7E4DB4C038}.Release|x64.ActiveCfg = Release|Any CPU
		{5728B379-8388-43BC-AFF4-DD7E4DB4C038}.Release|x64.Build.0 = Release|Any CPU
		{5728B379-8388-43BC-AFF4-DD7E4DB4C038}.Release|x86.ActiveCfg = Release|Any CPU
		{5728B379-8388-43BC-AFF4-DD7E4DB4C038}.Release|x86.Build.0 = Release|Any CPU
		{8A71D08B-C4B6-4629-B7CB-61AAA6C261A1}.Debug|Any CPU.ActiveCfg = Debug|Any CPU
		{8A71D08B-C4B6-4629-B7CB-61AAA6C261A1}.Debug|Any CPU.Build.0 = Debug|Any CPU
		{8A71D08B-C4B6-4629-B7CB-61AAA6C261A1}.Debug|x64.ActiveCfg = Debug|Any CPU
		{8A71D08B-C4B6-4629-B7CB-61AAA6C261A1}.Debug|x64.Build.0 = Debug|Any CPU
		{8A71D08B-C4B6-4629-B7CB-61AAA6C261A1}.Debug|x86.ActiveCfg = Debug|Any CPU
		{8A71D08B-C4B6-4629-B7CB-61AAA6C261A1}.Debug|x86.Build.0 = Debug|Any CPU
		{8A71D08B-C4B6-4629-B7CB-61AAA6C261A1}.Release|Any CPU.ActiveCfg = Release|Any CPU
		{8A71D08B-C4B6-4629-B7CB-61AAA6C261A1}.Release|Any CPU.Build.0 = Release|Any CPU
		{8A71D08B-C4B6-4629-B7CB-61AAA6C261A1}.Release|x64.ActiveCfg = Release|Any CPU
		{8A71D08B-C4B6-4629-B7CB-61AAA6C261A1}.Release|x64.Build.0 = Release|Any CPU
		{8A71D08B-C4B6-4629-B7CB-61AAA6C261A1}.Release|x86.ActiveCfg = Release|Any CPU
		{8A71D08B-C4B6-4629-B7CB-61AAA6C261A1}.Release|x86.Build.0 = Release|Any CPU
		{9279751F-81B9-416B-A52A-28FE3D0C2D43}.Debug|Any CPU.ActiveCfg = Debug|Any CPU
		{9279751F-81B9-416B-A52A-28FE3D0C2D43}.Debug|Any CPU.Build.0 = Debug|Any CPU
		{9279751F-81B9-416B-A52A-28FE3D0C2D43}.Debug|x64.ActiveCfg = Debug|Any CPU
		{9279751F-81B9-416B-A52A-28FE3D0C2D43}.Debug|x64.Build.0 = Debug|Any CPU
		{9279751F-81B9-416B-A52A-28FE3D0C2D43}.Debug|x86.ActiveCfg = Debug|Any CPU
		{9279751F-81B9-416B-A52A-28FE3D0C2D43}.Debug|x86.Build.0 = Debug|Any CPU
		{9279751F-81B9-416B-A52A-28FE3D0C2D43}.Release|Any CPU.ActiveCfg = Release|Any CPU
		{9279751F-81B9-416B-A52A-28FE3D0C2D43}.Release|Any CPU.Build.0 = Release|Any CPU
		{9279751F-81B9-416B-A52A-28FE3D0C2D43}.Release|x64.ActiveCfg = Release|Any CPU
		{9279751F-81B9-416B-A52A-28FE3D0C2D43}.Release|x64.Build.0 = Release|Any CPU
		{9279751F-81B9-416B-A52A-28FE3D0C2D43}.Release|x86.ActiveCfg = Release|Any CPU
		{9279751F-81B9-416B-A52A-28FE3D0C2D43}.Release|x86.Build.0 = Release|Any CPU
		{731B6002-EA10-483C-97F1-0D3C0AB27B0A}.Debug|Any CPU.ActiveCfg = Debug|Any CPU
		{731B6002-EA10-483C-97F1-0D3C0AB27B0A}.Debug|Any CPU.Build.0 = Debug|Any CPU
		{731B6002-EA10-483C-97F1-0D3C0AB27B0A}.Debug|x64.ActiveCfg = Debug|Any CPU
		{731B6002-EA10-483C-97F1-0D3C0AB27B0A}.Debug|x64.Build.0 = Debug|Any CPU
		{731B6002-EA10-483C-97F1-0D3C0AB27B0A}.Debug|x86.ActiveCfg = Debug|Any CPU
		{731B6002-EA10-483C-97F1-0D3C0AB27B0A}.Debug|x86.Build.0 = Debug|Any CPU
		{731B6002-EA10-483C-97F1-0D3C0AB27B0A}.Release|Any CPU.ActiveCfg = Release|Any CPU
		{731B6002-EA10-483C-97F1-0D3C0AB27B0A}.Release|Any CPU.Build.0 = Release|Any CPU
		{731B6002-EA10-483C-97F1-0D3C0AB27B0A}.Release|x64.ActiveCfg = Release|Any CPU
		{731B6002-EA10-483C-97F1-0D3C0AB27B0A}.Release|x64.Build.0 = Release|Any CPU
		{731B6002-EA10-483C-97F1-0D3C0AB27B0A}.Release|x86.ActiveCfg = Release|Any CPU
		{731B6002-EA10-483C-97F1-0D3C0AB27B0A}.Release|x86.Build.0 = Release|Any CPU
		{5541A010-A7FE-41F2-B4FD-80D43C3CFEA8}.Debug|Any CPU.ActiveCfg = Debug|Any CPU
		{5541A010-A7FE-41F2-B4FD-80D43C3CFEA8}.Debug|Any CPU.Build.0 = Debug|Any CPU
		{5541A010-A7FE-41F2-B4FD-80D43C3CFEA8}.Debug|x64.ActiveCfg = Debug|Any CPU
		{5541A010-A7FE-41F2-B4FD-80D43C3CFEA8}.Debug|x64.Build.0 = Debug|Any CPU
		{5541A010-A7FE-41F2-B4FD-80D43C3CFEA8}.Debug|x86.ActiveCfg = Debug|Any CPU
		{5541A010-A7FE-41F2-B4FD-80D43C3CFEA8}.Debug|x86.Build.0 = Debug|Any CPU
		{5541A010-A7FE-41F2-B4FD-80D43C3CFEA8}.Release|Any CPU.ActiveCfg = Release|Any CPU
		{5541A010-A7FE-41F2-B4FD-80D43C3CFEA8}.Release|Any CPU.Build.0 = Release|Any CPU
		{5541A010-A7FE-41F2-B4FD-80D43C3CFEA8}.Release|x64.ActiveCfg = Release|Any CPU
		{5541A010-A7FE-41F2-B4FD-80D43C3CFEA8}.Release|x64.Build.0 = Release|Any CPU
		{5541A010-A7FE-41F2-B4FD-80D43C3CFEA8}.Release|x86.ActiveCfg = Release|Any CPU
		{5541A010-A7FE-41F2-B4FD-80D43C3CFEA8}.Release|x86.Build.0 = Release|Any CPU
		{31D6FF0E-1BA3-4C04-B99C-604455529CB9}.Debug|Any CPU.ActiveCfg = Debug|Any CPU
		{31D6FF0E-1BA3-4C04-B99C-604455529CB9}.Debug|Any CPU.Build.0 = Debug|Any CPU
		{31D6FF0E-1BA3-4C04-B99C-604455529CB9}.Debug|x64.ActiveCfg = Debug|Any CPU
		{31D6FF0E-1BA3-4C04-B99C-604455529CB9}.Debug|x64.Build.0 = Debug|Any CPU
		{31D6FF0E-1BA3-4C04-B99C-604455529CB9}.Debug|x86.ActiveCfg = Debug|Any CPU
		{31D6FF0E-1BA3-4C04-B99C-604455529CB9}.Debug|x86.Build.0 = Debug|Any CPU
		{31D6FF0E-1BA3-4C04-B99C-604455529CB9}.Release|Any CPU.ActiveCfg = Release|Any CPU
		{31D6FF0E-1BA3-4C04-B99C-604455529CB9}.Release|Any CPU.Build.0 = Release|Any CPU
		{31D6FF0E-1BA3-4C04-B99C-604455529CB9}.Release|x64.ActiveCfg = Release|Any CPU
		{31D6FF0E-1BA3-4C04-B99C-604455529CB9}.Release|x64.Build.0 = Release|Any CPU
		{31D6FF0E-1BA3-4C04-B99C-604455529CB9}.Release|x86.ActiveCfg = Release|Any CPU
		{31D6FF0E-1BA3-4C04-B99C-604455529CB9}.Release|x86.Build.0 = Release|Any CPU
		{79436A37-70C3-4192-82BA-C2A7A2C584D1}.Debug|Any CPU.ActiveCfg = Debug|Any CPU
		{79436A37-70C3-4192-82BA-C2A7A2C584D1}.Debug|Any CPU.Build.0 = Debug|Any CPU
		{79436A37-70C3-4192-82BA-C2A7A2C584D1}.Debug|x64.ActiveCfg = Debug|Any CPU
		{79436A37-70C3-4192-82BA-C2A7A2C584D1}.Debug|x64.Build.0 = Debug|Any CPU
		{79436A37-70C3-4192-82BA-C2A7A2C584D1}.Debug|x86.ActiveCfg = Debug|Any CPU
		{79436A37-70C3-4192-82BA-C2A7A2C584D1}.Debug|x86.Build.0 = Debug|Any CPU
		{79436A37-70C3-4192-82BA-C2A7A2C584D1}.Release|Any CPU.ActiveCfg = Release|Any CPU
		{79436A37-70C3-4192-82BA-C2A7A2C584D1}.Release|Any CPU.Build.0 = Release|Any CPU
		{79436A37-70C3-4192-82BA-C2A7A2C584D1}.Release|x64.ActiveCfg = Release|Any CPU
		{79436A37-70C3-4192-82BA-C2A7A2C584D1}.Release|x64.Build.0 = Release|Any CPU
		{79436A37-70C3-4192-82BA-C2A7A2C584D1}.Release|x86.ActiveCfg = Release|Any CPU
		{79436A37-70C3-4192-82BA-C2A7A2C584D1}.Release|x86.Build.0 = Release|Any CPU
		{5775AC68-DC3E-404E-A523-133461CAB99D}.Debug|Any CPU.ActiveCfg = Debug|Any CPU
		{5775AC68-DC3E-404E-A523-133461CAB99D}.Debug|Any CPU.Build.0 = Debug|Any CPU
		{5775AC68-DC3E-404E-A523-133461CAB99D}.Debug|x64.ActiveCfg = Debug|Any CPU
		{5775AC68-DC3E-404E-A523-133461CAB99D}.Debug|x64.Build.0 = Debug|Any CPU
		{5775AC68-DC3E-404E-A523-133461CAB99D}.Debug|x86.ActiveCfg = Debug|Any CPU
		{5775AC68-DC3E-404E-A523-133461CAB99D}.Debug|x86.Build.0 = Debug|Any CPU
		{5775AC68-DC3E-404E-A523-133461CAB99D}.Release|Any CPU.ActiveCfg = Release|Any CPU
		{5775AC68-DC3E-404E-A523-133461CAB99D}.Release|Any CPU.Build.0 = Release|Any CPU
		{5775AC68-DC3E-404E-A523-133461CAB99D}.Release|x64.ActiveCfg = Release|Any CPU
		{5775AC68-DC3E-404E-A523-133461CAB99D}.Release|x64.Build.0 = Release|Any CPU
		{5775AC68-DC3E-404E-A523-133461CAB99D}.Release|x86.ActiveCfg = Release|Any CPU
		{5775AC68-DC3E-404E-A523-133461CAB99D}.Release|x86.Build.0 = Release|Any CPU
		{D15B0000-0000-4000-8000-000000000002}.Debug|Any CPU.ActiveCfg = Debug|Any CPU
		{D15B0000-0000-4000-8000-000000000002}.Debug|Any CPU.Build.0 = Debug|Any CPU
		{D15B0000-0000-4000-8000-000000000002}.Debug|x64.ActiveCfg = Debug|Any CPU
		{D15B0000-0000-4000-8000-000000000002}.Debug|x64.Build.0 = Debug|Any CPU
		{D15B0000-0000-4000-8000-000000000002}.Debug|x86.ActiveCfg = Debug|Any CPU
		{D15B0000-0000-4000-8000-000000000002}.Debug|x86.Build.0 = Debug|Any CPU
		{D15B0000-0000-4000-8000-000000000002}.Release|Any CPU.ActiveCfg = Release|Any CPU
		{D15B0000-0000-4000-8000-000000000002}.Release|Any CPU.Build.0 = Release|Any CPU
		{D15B0000-0000-4000-8000-000000000002}.Release|x64.ActiveCfg = Release|Any CPU
		{D15B0000-0000-4000-8000-000000000002}.Release|x64.Build.0 = Release|Any CPU
		{D15B0000-0000-4000-8000-000000000002}.Release|x86.ActiveCfg = Release|Any CPU
		{D15B0000-0000-4000-8000-000000000002}.Release|x86.Build.0 = Release|Any CPU
		{D15B0000-0000-4000-8000-000000000003}.Debug|Any CPU.ActiveCfg = Debug|Any CPU
		{D15B0000-0000-4000-8000-000000000003}.Debug|Any CPU.Build.0 = Debug|Any CPU
		{D15B0000-0000-4000-8000-000000000003}.Debug|x64.ActiveCfg = Debug|Any CPU
		{D15B0000-0000-4000-8000-000000000003}.Debug|x64.Build.0 = Debug|Any CPU
		{D15B0000-0000-4000-8000-000000000003}.Debug|x86.ActiveCfg = Debug|Any CPU
		{D15B0000-0000-4000-8000-000000000003}.Debug|x86.Build.0 = Debug|Any CPU
		{D15B0000-0000-4000-8000-000000000003}.Release|Any CPU.ActiveCfg = Release|Any CPU
		{D15B0000-0000-4000-8000-000000000003}.Release|Any CPU.Build.0 = Release|Any CPU
		{D15B0000-0000-4000-8000-000000000003}.Release|x64.ActiveCfg = Release|Any CPU
		{D15B0000-0000-4000-8000-000000000003}.Release|x64.Build.0 = Release|Any CPU
		{D15B0000-0000-4000-8000-000000000003}.Release|x86.ActiveCfg = Release|Any CPU
		{D15B0000-0000-4000-8000-000000000003}.Release|x86.Build.0 = Release|Any CPU
		{D15B0000-0000-4000-8000-000000000004}.Debug|Any CPU.ActiveCfg = Debug|Any CPU
		{D15B0000-0000-4000-8000-000000000004}.Debug|Any CPU.Build.0 = Debug|Any CPU
		{D15B0000-0000-4000-8000-000000000004}.Debug|x64.ActiveCfg = Debug|Any CPU
		{D15B0000-0000-4000-8000-000000000004}.Debug|x64.Build.0 = Debug|Any CPU
		{D15B0000-0000-4000-8000-000000000004}.Debug|x86.ActiveCfg = Debug|Any CPU
		{D15B0000-0000-4000-8000-000000000004}.Debug|x86.Build.0 = Debug|Any CPU
		{D15B0000-0000-4000-8000-000000000004}.Release|Any CPU.ActiveCfg = Release|Any CPU
		{D15B0000-0000-4000-8000-000000000004}.Release|Any CPU.Build.0 = Release|Any CPU
		{D15B0000-0000-4000-8000-000000000004}.Release|x64.ActiveCfg = Release|Any CPU
		{D15B0000-0000-4000-8000-000000000004}.Release|x64.Build.0 = Release|Any CPU
		{D15B0000-0000-4000-8000-000000000004}.Release|x86.ActiveCfg = Release|Any CPU
		{D15B0000-0000-4000-8000-000000000004}.Release|x86.Build.0 = Release|Any CPU
		{D15B0000-0000-4000-8000-000000000005}.Debug|Any CPU.ActiveCfg = Debug|Any CPU
		{D15B0000-0000-4000-8000-000000000005}.Debug|Any CPU.Build.0 = Debug|Any CPU
		{D15B0000-0000-4000-8000-000000000005}.Debug|x64.ActiveCfg = Debug|Any CPU
		{D15B0000-0000-4000-8000-000000000005}.Debug|x64.Build.0 = Debug|Any CPU
		{D15B0000-0000-4000-8000-000000000005}.Debug|x86.ActiveCfg = Debug|Any CPU
		{D15B0000-0000-4000-8000-000000000005}.Debug|x86.Build.0 = Debug|Any CPU
		{D15B0000-0000-4000-8000-000000000005}.Release|Any CPU.ActiveCfg = Release|Any CPU
		{D15B0000-0000-4000-8000-000000000005}.Release|Any CPU.Build.0 = Release|Any CPU
		{D15B0000-0000-4000-8000-000000000005}.Release|x64.ActiveCfg = Release|Any CPU
		{D15B0000-0000-4000-8000-000000000005}.Release|x64.Build.0 = Release|Any CPU
		{D15B0000-0000-4000-8000-000000000005}.Release|x86.ActiveCfg = Release|Any CPU
		{D15B0000-0000-4000-8000-000000000005}.Release|x86.Build.0 = Release|Any CPU
		{D15B0000-0000-4000-8000-000000000006}.Debug|Any CPU.ActiveCfg = Debug|Any CPU
		{D15B0000-0000-4000-8000-000000000006}.Debug|Any CPU.Build.0 = Debug|Any CPU
		{D15B0000-0000-4000-8000-000000000006}.Debug|x64.ActiveCfg = Debug|Any CPU
		{D15B0000-0000-4000-8000-000000000006}.Debug|x64.Build.0 = Debug|Any CPU
		{D15B0000-0000-4000-8000-000000000006}.Debug|x86.ActiveCfg = Debug|Any CPU
		{D15B0000-0000-4000-8000-000000000006}.Debug|x86.Build.0 = Debug|Any CPU
		{D15B0000-0000-4000-8000-000000000006}.Release|Any CPU.ActiveCfg = Release|Any CPU
		{D15B0000-0000-4000-8000-000000000006}.Release|Any CPU.Build.0 = Release|Any CPU
		{D15B0000-0000-4000-8000-000000000006}.Release|x64.ActiveCfg = Release|Any CPU
		{D15B0000-0000-4000-8000-000000000006}.Release|x64.Build.0 = Release|Any CPU
		{D15B0000-0000-4000-8000-000000000006}.Release|x86.ActiveCfg = Release|Any CPU
		{D15B0000-0000-4000-8000-000000000006}.Release|x86.Build.0 = Release|Any CPU
		{D15B0000-0000-4000-8000-000000000007}.Debug|Any CPU.ActiveCfg = Debug|Any CPU
		{D15B0000-0000-4000-8000-000000000007}.Debug|Any CPU.Build.0 = Debug|Any CPU
		{D15B0000-0000-4000-8000-000000000007}.Debug|x64.ActiveCfg = Debug|Any CPU
		{D15B0000-0000-4000-8000-000000000007}.Debug|x64.Build.0 = Debug|Any CPU
		{D15B0000-0000-4000-8000-000000000007}.Debug|x86.ActiveCfg = Debug|Any CPU
		{D15B0000-0000-4000-8000-000000000007}.Debug|x86.Build.0 = Debug|Any CPU
		{D15B0000-0000-4000-8000-000000000007}.Release|Any CPU.ActiveCfg = Release|Any CPU
		{D15B0000-0000-4000-8000-000000000007}.Release|Any CPU.Build.0 = Release|Any CPU
		{D15B0000-0000-4000-8000-000000000007}.Release|x64.ActiveCfg = Release|Any CPU
		{D15B0000-0000-4000-8000-000000000007}.Release|x64.Build.0 = Release|Any CPU
		{D15B0000-0000-4000-8000-000000000007}.Release|x86.ActiveCfg = Release|Any CPU
		{D15B0000-0000-4000-8000-000000000007}.Release|x86.Build.0 = Release|Any CPU
		{D15B0000-0000-4000-8000-000000000008}.Debug|Any CPU.ActiveCfg = Debug|Any CPU
		{D15B0000-0000-4000-8000-000000000008}.Debug|Any CPU.Build.0 = Debug|Any CPU
		{D15B0000-0000-4000-8000-000000000008}.Debug|x64.ActiveCfg = Debug|Any CPU
		{D15B0000-0000-4000-8000-000000000008}.Debug|x64.Build.0 = Debug|Any CPU
		{D15B0000-0000-4000-8000-000000000008}.Debug|x86.ActiveCfg = Debug|Any CPU
		{D15B0000-0000-4000-8000-000000000008}.Debug|x86.Build.0 = Debug|Any CPU
		{D15B0000-0000-4000-8000-000000000008}.Release|Any CPU.ActiveCfg = Release|Any CPU
		{D15B0000-0000-4000-8000-000000000008}.Release|Any CPU.Build.0 = Release|Any CPU
		{D15B0000-0000-4000-8000-000000000008}.Release|x64.ActiveCfg = Release|Any CPU
		{D15B0000-0000-4000-8000-000000000008}.Release|x64.Build.0 = Release|Any CPU
		{D15B0000-0000-4000-8000-000000000008}.Release|x86.ActiveCfg = Release|Any CPU
		{D15B0000-0000-4000-8000-000000000008}.Release|x86.Build.0 = Release|Any CPU
		{D15B0000-0000-4000-8000-000000000009}.Debug|Any CPU.ActiveCfg = Debug|Any CPU
		{D15B0000-0000-4000-8000-000000000009}.Debug|Any CPU.Build.0 = Debug|Any CPU
		{D15B0000-0000-4000-8000-000000000009}.Debug|x64.ActiveCfg = Debug|Any CPU
		{D15B0000-0000-4000-8000-000000000009}.Debug|x64.Build.0 = Debug|Any CPU
		{D15B0000-0000-4000-8000-000000000009}.Debug|x86.ActiveCfg = Debug|Any CPU
		{D15B0000-0000-4000-8000-000000000009}.Debug|x86.Build.0 = Debug|Any CPU
		{D15B0000-0000-4000-8000-000000000009}.Release|Any CPU.ActiveCfg = Release|Any CPU
		{D15B0000-0000-4000-8000-000000000009}.Release|Any CPU.Build.0 = Release|Any CPU
		{D15B0000-0000-4000-8000-000000000009}.Release|x64.ActiveCfg = Release|Any CPU
		{D15B0000-0000-4000-8000-000000000009}.Release|x64.Build.0 = Release|Any CPU
		{D15B0000-0000-4000-8000-000000000009}.Release|x86.ActiveCfg = Release|Any CPU
		{D15B0000-0000-4000-8000-000000000009}.Release|x86.Build.0 = Release|Any CPU
		{53008E5D-092C-4A1A-8219-AF11DAF366A4}.Debug|Any CPU.ActiveCfg = Debug|Any CPU
		{53008E5D-092C-4A1A-8219-AF11DAF366A4}.Debug|Any CPU.Build.0 = Debug|Any CPU
		{53008E5D-092C-4A1A-8219-AF11DAF366A4}.Debug|x64.ActiveCfg = Debug|Any CPU
		{53008E5D-092C-4A1A-8219-AF11DAF366A4}.Debug|x64.Build.0 = Debug|Any CPU
		{53008E5D-092C-4A1A-8219-AF11DAF366A4}.Debug|x86.ActiveCfg = Debug|Any CPU
		{53008E5D-092C-4A1A-8219-AF11DAF366A4}.Debug|x86.Build.0 = Debug|Any CPU
		{53008E5D-092C-4A1A-8219-AF11DAF366A4}.Release|Any CPU.ActiveCfg = Release|Any CPU
		{53008E5D-092C-4A1A-8219-AF11DAF366A4}.Release|Any CPU.Build.0 = Release|Any CPU
		{53008E5D-092C-4A1A-8219-AF11DAF366A4}.Release|x64.ActiveCfg = Release|Any CPU
		{53008E5D-092C-4A1A-8219-AF11DAF366A4}.Release|x64.Build.0 = Release|Any CPU
		{53008E5D-092C-4A1A-8219-AF11DAF366A4}.Release|x86.ActiveCfg = Release|Any CPU
		{53008E5D-092C-4A1A-8219-AF11DAF366A4}.Release|x86.Build.0 = Release|Any CPU
		{54CC6198-0787-47A2-981E-D7AB71F627D7}.Debug|Any CPU.ActiveCfg = Debug|Any CPU
		{54CC6198-0787-47A2-981E-D7AB71F627D7}.Debug|Any CPU.Build.0 = Debug|Any CPU
		{54CC6198-0787-47A2-981E-D7AB71F627D7}.Debug|x64.ActiveCfg = Debug|Any CPU
		{54CC6198-0787-47A2-981E-D7AB71F627D7}.Debug|x64.Build.0 = Debug|Any CPU
		{54CC6198-0787-47A2-981E-D7AB71F627D7}.Debug|x86.ActiveCfg = Debug|Any CPU
		{54CC6198-0787-47A2-981E-D7AB71F627D7}.Debug|x86.Build.0 = Debug|Any CPU
		{54CC6198-0787-47A2-981E-D7AB71F627D7}.Release|Any CPU.ActiveCfg = Release|Any CPU
		{54CC6198-0787-47A2-981E-D7AB71F627D7}.Release|Any CPU.Build.0 = Release|Any CPU
		{54CC6198-0787-47A2-981E-D7AB71F627D7}.Release|x64.ActiveCfg = Release|Any CPU
		{54CC6198-0787-47A2-981E-D7AB71F627D7}.Release|x64.Build.0 = Release|Any CPU
		{54CC6198-0787-47A2-981E-D7AB71F627D7}.Release|x86.ActiveCfg = Release|Any CPU
		{54CC6198-0787-47A2-981E-D7AB71F627D7}.Release|x86.Build.0 = Release|Any CPU
		{0946D82E-429D-462A-88C0-8F8F1003AD2E}.Debug|Any CPU.ActiveCfg = Debug|Any CPU
		{0946D82E-429D-462A-88C0-8F8F1003AD2E}.Debug|Any CPU.Build.0 = Debug|Any CPU
		{0946D82E-429D-462A-88C0-8F8F1003AD2E}.Debug|x64.ActiveCfg = Debug|Any CPU
		{0946D82E-429D-462A-88C0-8F8F1003AD2E}.Debug|x64.Build.0 = Debug|Any CPU
		{0946D82E-429D-462A-88C0-8F8F1003AD2E}.Debug|x86.ActiveCfg = Debug|Any CPU
		{0946D82E-429D-462A-88C0-8F8F1003AD2E}.Debug|x86.Build.0 = Debug|Any CPU
		{0946D82E-429D-462A-88C0-8F8F1003AD2E}.Release|Any CPU.ActiveCfg = Release|Any CPU
		{0946D82E-429D-462A-88C0-8F8F1003AD2E}.Release|Any CPU.Build.0 = Release|Any CPU
		{0946D82E-429D-462A-88C0-8F8F1003AD2E}.Release|x64.ActiveCfg = Release|Any CPU
		{0946D82E-429D-462A-88C0-8F8F1003AD2E}.Release|x64.Build.0 = Release|Any CPU
		{0946D82E-429D-462A-88C0-8F8F1003AD2E}.Release|x86.ActiveCfg = Release|Any CPU
		{0946D82E-429D-462A-88C0-8F8F1003AD2E}.Release|x86.Build.0 = Release|Any CPU
		{013DBA06-ACA8-4C0E-9BD3-62405C4862A4}.Debug|Any CPU.ActiveCfg = Debug|Any CPU
		{013DBA06-ACA8-4C0E-9BD3-62405C4862A4}.Debug|Any CPU.Build.0 = Debug|Any CPU
		{013DBA06-ACA8-4C0E-9BD3-62405C4862A4}.Debug|x64.ActiveCfg = Debug|Any CPU
		{013DBA06-ACA8-4C0E-9BD3-62405C4862A4}.Debug|x64.Build.0 = Debug|Any CPU
		{013DBA06-ACA8-4C0E-9BD3-62405C4862A4}.Debug|x86.ActiveCfg = Debug|Any CPU
		{013DBA06-ACA8-4C0E-9BD3-62405C4862A4}.Debug|x86.Build.0 = Debug|Any CPU
		{013DBA06-ACA8-4C0E-9BD3-62405C4862A4}.Release|Any CPU.ActiveCfg = Release|Any CPU
		{013DBA06-ACA8-4C0E-9BD3-62405C4862A4}.Release|Any CPU.Build.0 = Release|Any CPU
		{013DBA06-ACA8-4C0E-9BD3-62405C4862A4}.Release|x64.ActiveCfg = Release|Any CPU
		{013DBA06-ACA8-4C0E-9BD3-62405C4862A4}.Release|x64.Build.0 = Release|Any CPU
		{013DBA06-ACA8-4C0E-9BD3-62405C4862A4}.Release|x86.ActiveCfg = Release|Any CPU
		{013DBA06-ACA8-4C0E-9BD3-62405C4862A4}.Release|x86.Build.0 = Release|Any CPU
		{D500C9E8-5806-4232-9873-CE7B48CF96B3}.Debug|Any CPU.ActiveCfg = Debug|Any CPU
		{D500C9E8-5806-4232-9873-CE7B48CF96B3}.Debug|Any CPU.Build.0 = Debug|Any CPU
		{D500C9E8-5806-4232-9873-CE7B48CF96B3}.Debug|x64.ActiveCfg = Debug|Any CPU
		{D500C9E8-5806-4232-9873-CE7B48CF96B3}.Debug|x64.Build.0 = Debug|Any CPU
		{D500C9E8-5806-4232-9873-CE7B48CF96B3}.Debug|x86.ActiveCfg = Debug|Any CPU
		{D500C9E8-5806-4232-9873-CE7B48CF96B3}.Debug|x86.Build.0 = Debug|Any CPU
		{D500C9E8-5806-4232-9873-CE7B48CF96B3}.Release|Any CPU.ActiveCfg = Release|Any CPU
		{D500C9E8-5806-4232-9873-CE7B48CF96B3}.Release|Any CPU.Build.0 = Release|Any CPU
		{D500C9E8-5806-4232-9873-CE7B48CF96B3}.Release|x64.ActiveCfg = Release|Any CPU
		{D500C9E8-5806-4232-9873-CE7B48CF96B3}.Release|x64.Build.0 = Release|Any CPU
		{D500C9E8-5806-4232-9873-CE7B48CF96B3}.Release|x86.ActiveCfg = Release|Any CPU
		{D500C9E8-5806-4232-9873-CE7B48CF96B3}.Release|x86.Build.0 = Release|Any CPU
		{71700A30-81DC-4648-8F2F-E899E4AD29C5}.Debug|Any CPU.ActiveCfg = Debug|Any CPU
		{71700A30-81DC-4648-8F2F-E899E4AD29C5}.Debug|Any CPU.Build.0 = Debug|Any CPU
		{71700A30-81DC-4648-8F2F-E899E4AD29C5}.Debug|x64.ActiveCfg = Debug|Any CPU
		{71700A30-81DC-4648-8F2F-E899E4AD29C5}.Debug|x64.Build.0 = Debug|Any CPU
		{71700A30-81DC-4648-8F2F-E899E4AD29C5}.Debug|x86.ActiveCfg = Debug|Any CPU
		{71700A30-81DC-4648-8F2F-E899E4AD29C5}.Debug|x86.Build.0 = Debug|Any CPU
		{71700A30-81DC-4648-8F2F-E899E4AD29C5}.Release|Any CPU.ActiveCfg = Release|Any CPU
		{71700A30-81DC-4648-8F2F-E899E4AD29C5}.Release|Any CPU.Build.0 = Release|Any CPU
		{71700A30-81DC-4648-8F2F-E899E4AD29C5}.Release|x64.ActiveCfg = Release|Any CPU
		{71700A30-81DC-4648-8F2F-E899E4AD29C5}.Release|x64.Build.0 = Release|Any CPU
		{71700A30-81DC-4648-8F2F-E899E4AD29C5}.Release|x86.ActiveCfg = Release|Any CPU
		{71700A30-81DC-4648-8F2F-E899E4AD29C5}.Release|x86.Build.0 = Release|Any CPU
		{3EF272A3-AAE0-4350-9394-34E6DD05DCC6}.Debug|Any CPU.ActiveCfg = Debug|Any CPU
		{3EF272A3-AAE0-4350-9394-34E6DD05DCC6}.Debug|Any CPU.Build.0 = Debug|Any CPU
		{3EF272A3-AAE0-4350-9394-34E6DD05DCC6}.Debug|x64.ActiveCfg = Debug|Any CPU
		{3EF272A3-AAE0-4350-9394-34E6DD05DCC6}.Debug|x64.Build.0 = Debug|Any CPU
		{3EF272A3-AAE0-4350-9394-34E6DD05DCC6}.Debug|x86.ActiveCfg = Debug|Any CPU
		{3EF272A3-AAE0-4350-9394-34E6DD05DCC6}.Debug|x86.Build.0 = Debug|Any CPU
		{3EF272A3-AAE0-4350-9394-34E6DD05DCC6}.Release|Any CPU.ActiveCfg = Release|Any CPU
		{3EF272A3-AAE0-4350-9394-34E6DD05DCC6}.Release|Any CPU.Build.0 = Release|Any CPU
		{3EF272A3-AAE0-4350-9394-34E6DD05DCC6}.Release|x64.ActiveCfg = Release|Any CPU
		{3EF272A3-AAE0-4350-9394-34E6DD05DCC6}.Release|x64.Build.0 = Release|Any CPU
		{3EF272A3-AAE0-4350-9394-34E6DD05DCC6}.Release|x86.ActiveCfg = Release|Any CPU
		{3EF272A3-AAE0-4350-9394-34E6DD05DCC6}.Release|x86.Build.0 = Release|Any CPU
		{8ECBE559-11E3-4C1C-BCDE-3F4D9AEA4295}.Debug|Any CPU.ActiveCfg = Debug|Any CPU
		{8ECBE559-11E3-4C1C-BCDE-3F4D9AEA4295}.Debug|Any CPU.Build.0 = Debug|Any CPU
		{8ECBE559-11E3-4C1C-BCDE-3F4D9AEA4295}.Debug|x64.ActiveCfg = Debug|Any CPU
		{8ECBE559-11E3-4C1C-BCDE-3F4D9AEA4295}.Debug|x64.Build.0 = Debug|Any CPU
		{8ECBE559-11E3-4C1C-BCDE-3F4D9AEA4295}.Debug|x86.ActiveCfg = Debug|Any CPU
		{8ECBE559-11E3-4C1C-BCDE-3F4D9AEA4295}.Debug|x86.Build.0 = Debug|Any CPU
		{8ECBE559-11E3-4C1C-BCDE-3F4D9AEA4295}.Release|Any CPU.ActiveCfg = Release|Any CPU
		{8ECBE559-11E3-4C1C-BCDE-3F4D9AEA4295}.Release|Any CPU.Build.0 = Release|Any CPU
		{8ECBE559-11E3-4C1C-BCDE-3F4D9AEA4295}.Release|x64.ActiveCfg = Release|Any CPU
		{8ECBE559-11E3-4C1C-BCDE-3F4D9AEA4295}.Release|x64.Build.0 = Release|Any CPU
		{8ECBE559-11E3-4C1C-BCDE-3F4D9AEA4295}.Release|x86.ActiveCfg = Release|Any CPU
		{8ECBE559-11E3-4C1C-BCDE-3F4D9AEA4295}.Release|x86.Build.0 = Release|Any CPU
		{3641C842-E434-46EC-AB97-C97B96917DFB}.Debug|Any CPU.ActiveCfg = Debug|Any CPU
		{3641C842-E434-46EC-AB97-C97B96917DFB}.Debug|Any CPU.Build.0 = Debug|Any CPU
		{3641C842-E434-46EC-AB97-C97B96917DFB}.Debug|x64.ActiveCfg = Debug|Any CPU
		{3641C842-E434-46EC-AB97-C97B96917DFB}.Debug|x64.Build.0 = Debug|Any CPU
		{3641C842-E434-46EC-AB97-C97B96917DFB}.Debug|x86.ActiveCfg = Debug|Any CPU
		{3641C842-E434-46EC-AB97-C97B96917DFB}.Debug|x86.Build.0 = Debug|Any CPU
		{3641C842-E434-46EC-AB97-C97B96917DFB}.Release|Any CPU.ActiveCfg = Release|Any CPU
		{3641C842-E434-46EC-AB97-C97B96917DFB}.Release|Any CPU.Build.0 = Release|Any CPU
		{3641C842-E434-46EC-AB97-C97B96917DFB}.Release|x64.ActiveCfg = Release|Any CPU
		{3641C842-E434-46EC-AB97-C97B96917DFB}.Release|x64.Build.0 = Release|Any CPU
		{3641C842-E434-46EC-AB97-C97B96917DFB}.Release|x86.ActiveCfg = Release|Any CPU
		{3641C842-E434-46EC-AB97-C97B96917DFB}.Release|x86.Build.0 = Release|Any CPU
	EndGlobalSection
	GlobalSection(SolutionProperties) = preSolution
		HideSolutionNode = FALSE
	EndGlobalSection
	GlobalSection(NestedProjects) = preSolution
		{DF0CFE7D-70BF-4DDA-A517-7D6B74A18217} = {4D2E8816-7E83-4B8E-A723-F29F3AFEB53C}
		{D245B692-AEA6-4D1C-8815-80B575D7E737} = {4D2E8816-7E83-4B8E-A723-F29F3AFEB53C}
		{D78319CB-C002-48FC-84E3-4807F8212667} = {4D2E8816-7E83-4B8E-A723-F29F3AFEB53C}
		{523002D1-4CED-48D7-85A4-77E7339385C4} = {4D2E8816-7E83-4B8E-A723-F29F3AFEB53C}
		{3042B0DD-87BD-4E13-98B3-02BB49DD8202} = {4D2E8816-7E83-4B8E-A723-F29F3AFEB53C}
		{7AA0C960-799E-4FEA-85BE-219A4F66B5C1} = {784C9BDC-AA34-478F-9F51-20BFD73BCC3A}
		{EEACBAFB-559C-43DE-AA03-9862F67E970A} = {4D2E8816-7E83-4B8E-A723-F29F3AFEB53C}
		{71CCA1B1-C171-46B3-AC0A-447423BF01C2} = {3974AB6F-C0EC-4EC3-A40E-71017707AA0F}
		{8DC1B747-5093-4CD9-A9E1-C14E518239E0} = {3974AB6F-C0EC-4EC3-A40E-71017707AA0F}
		{1F47330F-AB43-BCFB-147F-009CD52107E0} = {CA253913-39DE-BFD0-C9A3-4B7EC6FBDF17}
		{17D933FC-B744-8FD4-873D-F69475001DFB} = {1F47330F-AB43-BCFB-147F-009CD52107E0}
		{F3EA7EFA-1C83-E339-31E0-0E30258E478D} = {17D933FC-B744-8FD4-873D-F69475001DFB}
		{7951DA79-09B7-44E7-9CF5-C977C6F3DAC1} = {F3EA7EFA-1C83-E339-31E0-0E30258E478D}
		{76694B99-E1C2-D38E-B539-272FF83CF759} = {17D933FC-B744-8FD4-873D-F69475001DFB}
		{B86750A2-5DFE-401F-8289-04E0BC4E1716} = {76694B99-E1C2-D38E-B539-272FF83CF759}
		{20EDA20B-B86F-BAE2-8853-8254F8238041} = {CA253913-39DE-BFD0-C9A3-4B7EC6FBDF17}
		{5728B379-8388-43BC-AFF4-DD7E4DB4C038} = {20EDA20B-B86F-BAE2-8853-8254F8238041}
		{8A71D08B-C4B6-4629-B7CB-61AAA6C261A1} = {20EDA20B-B86F-BAE2-8853-8254F8238041}
		{9279751F-81B9-416B-A52A-28FE3D0C2D43} = {20EDA20B-B86F-BAE2-8853-8254F8238041}
		{731B6002-EA10-483C-97F1-0D3C0AB27B0A} = {20EDA20B-B86F-BAE2-8853-8254F8238041}
		{5541A010-A7FE-41F2-B4FD-80D43C3CFEA8} = {20EDA20B-B86F-BAE2-8853-8254F8238041}
		{31D6FF0E-1BA3-4C04-B99C-604455529CB9} = {20EDA20B-B86F-BAE2-8853-8254F8238041}
		{79436A37-70C3-4192-82BA-C2A7A2C584D1} = {20EDA20B-B86F-BAE2-8853-8254F8238041}
		{5775AC68-DC3E-404E-A523-133461CAB99D} = {20EDA20B-B86F-BAE2-8853-8254F8238041}
		{D15B0000-0000-4000-8000-000000000001} = {CA253913-39DE-BFD0-C9A3-4B7EC6FBDF17}
		{D15B0000-0000-4000-8000-000000000002} = {D15B0000-0000-4000-8000-000000000001}
		{D15B0000-0000-4000-8000-000000000003} = {D15B0000-0000-4000-8000-000000000001}
		{D15B0000-0000-4000-8000-000000000004} = {D15B0000-0000-4000-8000-000000000001}
		{D15B0000-0000-4000-8000-000000000005} = {D15B0000-0000-4000-8000-000000000001}
		{D15B0000-0000-4000-8000-000000000006} = {D15B0000-0000-4000-8000-000000000001}
		{D15B0000-0000-4000-8000-000000000007} = {D15B0000-0000-4000-8000-000000000001}
		{D15B0000-0000-4000-8000-000000000008} = {D15B0000-0000-4000-8000-000000000001}
		{D15B0000-0000-4000-8000-000000000009} = {D15B0000-0000-4000-8000-000000000001}
		{A8D78AFF-10B5-206E-B6D5-59D7523918D9} = {CA253913-39DE-BFD0-C9A3-4B7EC6FBDF17}
		{B93A1BE6-5B4E-40F8-B697-A6DD7DCC8693} = {A8D78AFF-10B5-206E-B6D5-59D7523918D9}
		{53008E5D-092C-4A1A-8219-AF11DAF366A4} = {B93A1BE6-5B4E-40F8-B697-A6DD7DCC8693}
		{D2BB1C3C-91EE-B90B-9FE8-5C6B7289DFB1} = {A8D78AFF-10B5-206E-B6D5-59D7523918D9}
		{54CC6198-0787-47A2-981E-D7AB71F627D7} = {D2BB1C3C-91EE-B90B-9FE8-5C6B7289DFB1}
		{B1AA2A03-90C6-8799-4F5E-BED8CC871A43} = {A8D78AFF-10B5-206E-B6D5-59D7523918D9}
		{0946D82E-429D-462A-88C0-8F8F1003AD2E} = {B1AA2A03-90C6-8799-4F5E-BED8CC871A43}
		{AC216143-89B5-4546-2097-D1798AA3B849} = {A8D78AFF-10B5-206E-B6D5-59D7523918D9}
		{013DBA06-ACA8-4C0E-9BD3-62405C4862A4} = {AC216143-89B5-4546-2097-D1798AA3B849}
		{F82CA06D-FDC8-8005-8E4C-F9264B5A9B05} = {A8D78AFF-10B5-206E-B6D5-59D7523918D9}
		{D500C9E8-5806-4232-9873-CE7B48CF96B3} = {F82CA06D-FDC8-8005-8E4C-F9264B5A9B05}
		{A14030E4-0A53-6D5D-3924-F35A9F5592A3} = {A8D78AFF-10B5-206E-B6D5-59D7523918D9}
		{DA861939-3896-8D09-D9E2-8AB1F95153EB} = {A14030E4-0A53-6D5D-3924-F35A9F5592A3}
		{71700A30-81DC-4648-8F2F-E899E4AD29C5} = {DA861939-3896-8D09-D9E2-8AB1F95153EB}
		{F39F13EC-8617-784E-35C4-438B408755F9} = {A14030E4-0A53-6D5D-3924-F35A9F5592A3}
		{3EF272A3-AAE0-4350-9394-34E6DD05DCC6} = {F39F13EC-8617-784E-35C4-438B408755F9}
		{4C0ED305-5DF8-A68A-9941-21926B842D5C} = {A8D78AFF-10B5-206E-B6D5-59D7523918D9}
		{8ECBE559-11E3-4C1C-BCDE-3F4D9AEA4295} = {4C0ED305-5DF8-A68A-9941-21926B842D5C}
		{3641C842-E434-46EC-AB97-C97B96917DFB} = {2B739508-24AF-E223-DD7D-30AA70EFDE1C}
	EndGlobalSection
EndGlobal
