
Microsoft Visual Studio Solution File, Format Version 12.00
Project("{2150E333-8FDC-42A3-9474-1A3956D46DE8}") = "AkGaming.Management.Modules.MemberManagement", "AkGaming.Management.Modules.MemberManagement", "{4D2E8816-7E83-4B8E-A723-F29F3AFEB53C}"
EndProject
Project("{FAE04EC0-301F-11D3-BF4B-00C04F79EFBC}") = "AkGaming.Management.Modules.MemberManagement.Application", "Modules\MemberManagement\Application\AkGaming.Management.Modules.MemberManagement.Application.csproj", "{DF0CFE7D-70BF-4DDA-A517-7D6B74A18217}"
EndProject
Project("{FAE04EC0-301F-11D3-BF4B-00C04F79EFBC}") = "AkGaming.Management.Modules.MemberManagement.Domain", "Modules\MemberManagement\Domain\AkGaming.Management.Modules.MemberManagement.Domain.csproj", "{D245B692-AEA6-4D1C-8815-80B575D7E737}"
EndProject
Project("{FAE04EC0-301F-11D3-BF4B-00C04F79EFBC}") = "AkGaming.Management.Modules.MemberManagement.Contracts", "Modules\MemberManagement\Contracts\AkGaming.Management.Modules.MemberManagement.Contracts.csproj", "{D78319CB-C002-48FC-84E3-4807F8212667}"
EndProject
Project("{FAE04EC0-301F-11D3-BF4B-00C04F79EFBC}") = "AkGaming.Management.Modules.MemberManagement.Infrastructure", "Modules\MemberManagement\Infrastructure\AkGaming.Management.Modules.MemberManagement.Infrastructure.csproj", "{523002D1-4CED-48D7-85A4-77E7339385C4}"
EndProject
Project("{FAE04EC0-301F-11D3-BF4B-00C04F79EFBC}") = "AkGaming.Management.Modules.MemberManagement.Tests", "Modules\MemberManagement\Tests\AkGaming.Management.Modules.MemberManagement.Tests.csproj", "{3042B0DD-87BD-4E13-98B3-02BB49DD8202}"
EndProject
Project("{2150E333-8FDC-42A3-9474-1A3956D46DE8}") = "AkGaming.Core.Common", "AkGaming.Core.Common", "{784C9BDC-AA34-478F-9F51-20BFD73BCC3A}"
EndProject
Project("{FAE04EC0-301F-11D3-BF4B-00C04F79EFBC}") = "AkGaming.Core.Common", "..\AkGaming.Core\Common\AkGaming.Core.Common.csproj", "{7AA0C960-799E-4FEA-85BE-219A4F66B5C1}"
EndProject
Project("{FAE04EC0-301F-11D3-BF4B-00C04F79EFBC}") = "AkGaming.Management.Modules.MemberManagement.Api", "Modules\MemberManagement\Api\AkGaming.Management.Modules.MemberManagement.Api.csproj", "{EEACBAFB-559C-43DE-AA03-9862F67E970A}"
EndProject
Project("{FAE04EC0-301F-11D3-BF4B-00C04F79EFBC}") = "AkGaming.Management.WebApi", "WebApi\AkGaming.Management.WebApi.csproj", "{83796A1E-4B91-40F0-B63C-EA69A16AA3C6}"
EndProject
Project("{FAE04EC0-301F-11D3-BF4B-00C04F79EFBC}") = "AkGaming.Management.Frontend.Components", "Frontend.Components\AkGaming.Management.Frontend.Components.csproj", "{71CCA1B1-C171-46B3-AC0A-447423BF01C2}"
EndProject
Project("{2150E333-8FDC-42A3-9474-1A3956D46DE8}") = "Frontend", "Frontend", "{3974AB6F-C0EC-4EC3-A40E-71017707AA0F}"
EndProject
Project("{FAE04EC0-301F-11D3-BF4B-00C04F79EFBC}") = "AkGaming.Management.Frontend", "Frontend\AkGaming.Management.Frontend.csproj", "{8DC1B747-5093-4CD9-A9E1-C14E518239E0}"
EndProject
Project("{FAE04EC0-301F-11D3-BF4B-00C04F79EFBC}") = "AkGaming.Identity.Contracts", "..\AkGaming.Identity\Contracts\AkGaming.Identity.Contracts.csproj", "{A451B000-3EE4-4CDB-BF29-47568741E3E1}"
EndProject
Project("{2150E333-8FDC-42A3-9474-1A3956D46DE8}") = "Modules", "Modules", "{CA253913-39DE-BFD0-C9A3-4B7EC6FBDF17}"
EndProject
Project("{2150E333-8FDC-42A3-9474-1A3956D46DE8}") = "MemberManagement", "MemberManagement", "{1F47330F-AB43-BCFB-147F-009CD52107E0}"
EndProject
Project("{2150E333-8FDC-42A3-9474-1A3956D46DE8}") = "Migrations", "Migrations", "{17D933FC-B744-8FD4-873D-F69475001DFB}"
EndProject
Project("{2150E333-8FDC-42A3-9474-1A3956D46DE8}") = "Postgres", "Postgres", "{F3EA7EFA-1C83-E339-31E0-0E30258E478D}"
EndProject
Project("{FAE04EC0-301F-11D3-BF4B-00C04F79EFBC}") = "AkGaming.Management.Modules.MemberManagement.Migrations.Postgres", "Modules\MemberManagement\Migrations\Postgres\AkGaming.Management.Modules.MemberManagement.Migrations.Postgres.csproj", "{7951DA79-09B7-44E7-9CF5-C977C6F3DAC1}"
EndProject
Project("{2150E333-8FDC-42A3-9474-1A3956D46DE8}") = "Sqlite", "Sqlite", "{76694B99-E1C2-D38E-B539-272FF83CF759}"
EndProject
Project("{FAE04EC0-301F-11D3-BF4B-00C04F79EFBC}") = "AkGaming.Management.Modules.MemberManagement.Migrations.Sqlite", "Modules\MemberManagement\Migrations\Sqlite\AkGaming.Management.Modules.MemberManagement.Migrations.Sqlite.csproj", "{B86750A2-5DFE-401F-8289-04E0BC4E1716}"
EndProject
Project("{FAE04EC0-301F-11D3-BF4B-00C04F79EFBC}") = "AkGaming.Core.Constants", "..\AkGaming.Core\Constants\AkGaming.Core.Constants.csproj", "{9E449909-DD27-4DDD-B167-995E782E3239}"
EndProject
Project("{2150E333-8FDC-42A3-9474-1A3956D46DE8}") = "InvoiceManagement", "InvoiceManagement", "{20EDA20B-B86F-BAE2-8853-8254F8238041}"
EndProject
Project("{FAE04EC0-301F-11D3-BF4B-00C04F79EFBC}") = "AkGaming.Management.Modules.InvoiceManagement.Api", "Modules\InvoiceManagement\Api\AkGaming.Management.Modules.InvoiceManagement.Api.csproj", "{5728B379-8388-43BC-AFF4-DD7E4DB4C038}"
EndProject
Project("{FAE04EC0-301F-11D3-BF4B-00C04F79EFBC}") = "AkGaming.Management.Modules.InvoiceManagement.Application", "Modules\InvoiceManagement\Application\AkGaming.Management.Modules.InvoiceManagement.Application.csproj", "{8A71D08B-C4B6-4629-B7CB-61AAA6C261A1}"
EndProject
Project("{FAE04EC0-301F-11D3-BF4B-00C04F79EFBC}") = "AkGaming.Management.Modules.InvoiceManagement.Contracts", "Modules\InvoiceManagement\Contracts\AkGaming.Management.Modules.InvoiceManagement.Contracts.csproj", "{9279751F-81B9-416B-A52A-28FE3D0C2D43}"
EndProject
Project("{FAE04EC0-301F-11D3-BF4B-00C04F79EFBC}") = "AkGaming.Management.Modules.InvoiceManagement.Domain", "Modules\InvoiceManagement\Domain\AkGaming.Management.Modules.InvoiceManagement.Domain.csproj", "{731B6002-EA10-483C-97F1-0D3C0AB27B0A}"
EndProject
Project("{FAE04EC0-301F-11D3-BF4B-00C04F79EFBC}") = "AkGaming.Management.Modules.InvoiceManagement.Infrastructure", "Modules\InvoiceManagement\Infrastructure\AkGaming.Management.Modules.InvoiceManagement.Infrastructure.csproj", "{5541A010-A7FE-41F2-B4FD-80D43C3CFEA8}"
EndProject
Project("{FAE04EC0-301F-11D3-BF4B-00C04F79EFBC}") = "AkGaming.Management.Modules.InvoiceManagement.Migrations.Postgres", "Modules\InvoiceManagement\Migrations\Postgres\AkGaming.Management.Modules.InvoiceManagement.Migrations.Postgres.csproj", "{31D6FF0E-1BA3-4C04-B99C-604455529CB9}"
EndProject
Project("{FAE04EC0-301F-11D3-BF4B-00C04F79EFBC}") = "AkGaming.Management.Modules.InvoiceManagement.Migrations.Sqlite", "Modules\InvoiceManagement\Migrations\Sqlite\AkGaming.Management.Modules.InvoiceManagement.Migrations.Sqlite.csproj", "{79436A37-70C3-4192-82BA-C2A7A2C584D1}"
EndProject
Project("{FAE04EC0-301F-11D3-BF4B-00C04F79EFBC}") = "AkGaming.Management.Modules.InvoiceManagement.Tests", "Modules\InvoiceManagement\Tests\AkGaming.Management.Modules.InvoiceManagement.Tests.csproj", "{5775AC68-DC3E-404E-A523-133461CAB99D}"
EndProject
Global
	GlobalSection(SolutionConfigurationPlatforms) = preSolution
		Debug|Any CPU = Debug|Any CPU
		Debug|x64 = Debug|x64
		Debug|x86 = Debug|x86
		Release|Any CPU = Release|Any CPU
		Release|x64 = Release|x64
		Release|x86 = Release|x86
	EndGlobalSection
	GlobalSection(ProjectConfigurationPlatforms) = postSolution
		{DF0CFE7D-70BF-4DDA-A517-7D6B74A18217}.Debug|Any CPU.ActiveCfg = Debug|Any CPU
		{DF0CFE7D-70BF-4DDA-A517-7D6B74A18217}.Debug|Any CPU.Build.0 = Debug|Any CPU
		{DF0CFE7D-70BF-4DDA-A517-7D6B74A18217}.Debug|x64.ActiveCfg = Debug|Any CPU
		{DF0CFE7D-70BF-4DDA-A517-7D6B74A18217}.Debug|x64.Build.0 = Debug|Any CPU
		{DF0CFE7D-70BF-4DDA-A517-7D6B74A18217}.Debug|x86.ActiveCfg = Debug|Any CPU
		{DF0CFE7D-70BF-4DDA-A517-7D6B74A18217}.Debug|x86.Build.0 = Debug|Any CPU
		{DF0CFE7D-70BF-4DDA-A517-7D6B74A18217}.Release|Any CPU.ActiveCfg = Release|Any CPU
		{DF0CFE7D-70BF-4DDA-A517-7D6B74A18217}.Release|Any CPU.Build.0 = Release|Any CPU
		{DF0CFE7D-70BF-4DDA-A517-7D6B74A18217}.Release|x64.ActiveCfg = Release|Any CPU
		{DF0CFE7D-70BF-4DDA-A517-7D6B74A18217}.Release|x64.Build.0 = Release|Any CPU
		{DF0CFE7D-70BF-4DDA-A517-7D6B74A18217}.Release|x86.ActiveCfg = Release|Any CPU
		{DF0CFE7D-70BF-4DDA-A517-7D6B74A18217}.Release|x86.Build.0 = Release|Any CPU
		{D245B692-AEA6-4D1C-8815-80B575D7E737}.Debug|Any CPU.ActiveCfg = Debug|Any CPU
		{D245B692-AEA6-4D1C-8815-80B575D7E737}.Debug|Any CPU.Build.0 = Debug|Any CPU
		{D245B692-AEA6-4D1C-8815-80B575D7E737}.Debug|x64.ActiveCfg = Debug|Any CPU
		{D245B692-AEA6-4D1C-8815-80B575D7E737}.Debug|x64.Build.0 = Debug|Any CPU
		{D245B692-AEA6-4D1C-8815-80B575D7E737}.Debug|x86.ActiveCfg = Debug|Any CPU
		{D245B692-AEA6-4D1C-8815-80B575D7E737}.Debug|x86.Build.0 = Debug|Any CPU
		{D245B692-AEA6-4D1C-8815-80B575D7E737}.Release|Any CPU.ActiveCfg = Release|Any CPU
		{D245B692-AEA6-4D1C-8815-80B575D7E737}.Release|Any CPU.Build.0 = Release|Any CPU
		{D245B692-AEA6-4D1C-8815-80B575D7E737}.Release|x64.ActiveCfg = Release|Any CPU
		{D245B692-AEA6-4D1C-8815-80B575D7E737}.Release|x64.Build.0 = Release|Any CPU
		{D245B692-AEA6-4D1C-8815-80B575D7E737}.Release|x86.ActiveCfg = Release|Any CPU
		{D245B692-AEA6-4D1C-8815-80B575D7E737}.Release|x86.Build.0 = Release|Any CPU
		{D78319CB-C002-48FC-84E3-4807F8212667}.Debug|Any CPU.ActiveCfg = Debug|Any CPU
		{D78319CB-C002-48FC-84E3-4807F8212667}.Debug|Any CPU.Build.0 = Debug|Any CPU
		{D78319CB-C002-48FC-84E3-4807F8212667}.Debug|x64.ActiveCfg = Debug|Any CPU
		{D78319CB-C002-48FC-84E3-4807F8212667}.Debug|x64.Build.0 = Debug|Any CPU
		{D78319CB-C002-48FC-84E3-4807F8212667}.Debug|x86.ActiveCfg = Debug|Any CPU
		{D78319CB-C002-48FC-84E3-4807F8212667}.Debug|x86.Build.0 = Debug|Any CPU
		{D78319CB-C002-48FC-84E3-4807F8212667}.Release|Any CPU.ActiveCfg = Release|Any CPU
		{D78319CB-C002-48FC-84E3-4807F8212667}.Release|Any CPU.Build.0 = Release|Any CPU
		{D78319CB-C002-48FC-84E3-4807F8212667}.Release|x64.ActiveCfg = Release|Any CPU
		{D78319CB-C002-48FC-84E3-4807F8212667}.Release|x64.Build.0 = Release|Any CPU
		{D78319CB-C002-48FC-84E3-4807F8212667}.Release|x86.ActiveCfg = Release|Any CPU
		{D78319CB-C002-48FC-84E3-4807F8212667}.Release|x86.Build.0 = Release|Any CPU
		{523002D1-4CED-48D7-85A4-77E7339385C4}.Debug|Any CPU.ActiveCfg = Debug|Any CPU
		{523002D1-4CED-48D7-85A4-77E7339385C4}.Debug|Any CPU.Build.0 = Debug|Any CPU
		{523002D1-4CED-48D7-85A4-77E7339385C4}.Debug|x64.ActiveCfg = Debug|Any CPU
		{523002D1-4CED-48D7-85A4-77E7339385C4}.Debug|x64.Build.0 = Debug|Any CPU
		{523002D1-4CED-48D7-85A4-77E7339385C4}.Debug|x86.ActiveCfg = Debug|Any CPU
		{523002D1-4CED-48D7-85A4-77E7339385C4}.Debug|x86.Build.0 = Debug|Any CPU
		{523002D1-4CED-48D7-85A4-77E7339385C4}.Release|Any CPU.ActiveCfg = Release|Any CPU
		{523002D1-4CED-48D7-85A4-77E7339385C4}.Release|Any CPU.Build.0 = Release|Any CPU
		{523002D1-4CED-48D7-85A4-77E7339385C4}.Release|x64.ActiveCfg = Release|Any CPU
		{523002D1-4CED-48D7-85A4-77E7339385C4}.Release|x64.Build.0 = Release|Any CPU
		{523002D1-4CED-48D7-85A4-77E7339385C4}.Release|x86.ActiveCfg = Release|Any CPU
		{523002D1-4CED-48D7-85A4-77E7339385C4}.Release|x86.Build.0 = Release|Any CPU
		{3042B0DD-87BD-4E13-98B3-02BB49DD8202}.Debug|Any CPU.ActiveCfg = Debug|Any CPU
		{3042B0DD-87BD-4E13-98B3-02BB49DD8202}.Debug|Any CPU.Build.0 = Debug|Any CPU
		{3042B0DD-87BD-4E13-98B3-02BB49DD8202}.Debug|x64.ActiveCfg = Debug|Any CPU
		{3042B0DD-87BD-4E13-98B3-02BB49DD8202}.Debug|x64.Build.0 = Debug|Any CPU
		{3042B0DD-87BD-4E13-98B3-02BB49DD8202}.Debug|x86.ActiveCfg = Debug|Any CPU
		{3042B0DD-87BD-4E13-98B3-02BB49DD8202}.Debug|x86.Build.0 = Debug|Any CPU
		{3042B0DD-87BD-4E13-98B3-02BB49DD8202}.Release|Any CPU.ActiveCfg = Release|Any CPU
		{3042B0DD-87BD-4E13-98B3-02BB49DD8202}.Release|Any CPU.Build.0 = Release|Any CPU
		{3042B0DD-87BD-4E13-98B3-02BB49DD8202}.Release|x64.ActiveCfg = Release|Any CPU
		{3042B0DD-87BD-4E13-98B3-02BB49DD8202}.Release|x64.Build.0 = Release|Any CPU
		{3042B0DD-87BD-4E13-98B3-02BB49DD8202}.Release|x86.ActiveCfg = Release|Any CPU
		{3042B0DD-87BD-4E13-98B3-02BB49DD8202}.Release|x86.Build.0 = Release|Any CPU
		{7AA0C960-799E-4FEA-85BE-219A4F66B5C1}.Debug|Any CPU.ActiveCfg = Debug|Any CPU
		{7AA0C960-799E-4FEA-85BE-219A4F66B5C1}.Debug|Any CPU.Build.0 = Debug|Any CPU
		{7AA0C960-799E-4FEA-85BE-219A4F66B5C1}.Debug|x64.ActiveCfg = Debug|Any CPU
		{7AA0C960-799E-4FEA-85BE-219A4F66B5C1}.Debug|x64.Build.0 = Debug|Any CPU
		{7AA0C960-799E-4FEA-85BE-219A4F66B5C1}.Debug|x86.ActiveCfg = Debug|Any CPU
		{7AA0C960-799E-4FEA-85BE-219A4F66B5C1}.Debug|x86.Build.0 = Debug|Any CPU
		{7AA0C960-799E-4FEA-85BE-219A4F66B5C1}.Release|Any CPU.ActiveCfg = Release|Any CPU
		{7AA0C960-799E-4FEA-85BE-219A4F66B5C1}.Release|Any CPU.Build.0 = Release|Any CPU
		{7AA0C960-799E-4FEA-85BE-219A4F66B5C1}.Release|x64.ActiveCfg = Release|Any CPU
		{7AA0C960-799E-4FEA-85BE-219A4F66B5C1}.Release|x64.Build.0 = Release|Any CPU
		{7AA0C960-799E-4FEA-85BE-219A4F66B5C1}.Release|x86.ActiveCfg = Release|Any CPU
		{7AA0C960-799E-4FEA-85BE-219A4F66B5C1}.Release|x86.Build.0 = Release|Any CPU
		{EEACBAFB-559C-43DE-AA03-9862F67E970A}.Debug|Any CPU.ActiveCfg = Debug|Any CPU
		{EEACBAFB-559C-43DE-AA03-9862F67E970A}.Debug|Any CPU.Build.0 = Debug|Any CPU
		{EEACBAFB-559C-43DE-AA03-9862F67E970A}.Debug|x64.ActiveCfg = Debug|Any CPU
		{EEACBAFB-559C-43DE-AA03-9862F67E970A}.Debug|x64.Build.0 = Debug|Any CPU
		{EEACBAFB-559C-43DE-AA03-9862F67E970A}.Debug|x86.ActiveCfg = Debug|Any CPU
		{EEACBAFB-559C-43DE-AA03-9862F67E970A}.Debug|x86.Build.0 = Debug|Any CPU
		{EEACBAFB-559C-43DE-AA03-9862F67E970A}.Release|Any CPU.ActiveCfg = Release|Any CPU
		{EEACBAFB-559C-43DE-AA03-9862F67E970A}.Release|Any CPU.Build.0 = Release|Any CPU
		{EEACBAFB-559C-43DE-AA03-9862F67E970A}.Release|x64.ActiveCfg = Release|Any CPU
		{EEACBAFB-559C-43DE-AA03-9862F67E970A}.Release|x64.Build.0 = Release|Any CPU
		{EEACBAFB-559C-43DE-AA03-9862F67E970A}.Release|x86.ActiveCfg = Release|Any CPU
		{EEACBAFB-559C-43DE-AA03-9862F67E970A}.Release|x86.Build.0 = Release|Any CPU
		{83796A1E-4B91-40F0-B63C-EA69A16AA3C6}.Debug|Any CPU.ActiveCfg = Debug|Any CPU
		{83796A1E-4B91-40F0-B63C-EA69A16AA3C6}.Debug|Any CPU.Build.0 = Debug|Any CPU
		{83796A1E-4B91-40F0-B63C-EA69A16AA3C6}.Debug|x64.ActiveCfg = Debug|Any CPU
		{83796A1E-4B91-40F0-B63C-EA69A16AA3C6}.Debug|x64.Build.0 = Debug|Any CPU
		{83796A1E-4B91-40F0-B63C-EA69A16AA3C6}.Debug|x86.ActiveCfg = Debug|Any CPU
		{83796A1E-4B91-40F0-B63C-EA69A16AA3C6}.Debug|x86.Build.0 = Debug|Any CPU
		{83796A1E-4B91-40F0-B63C-EA69A16AA3C6}.Release|Any CPU.ActiveCfg = Release|Any CPU
		{83796A1E-4B91-40F0-B63C-EA69A16AA3C6}.Release|Any CPU.Build.0 = Release|Any CPU
		{83796A1E-4B91-40F0-B63C-EA69A16AA3C6}.Release|x64.ActiveCfg = Release|Any CPU
		{83796A1E-4B91-40F0-B63C-EA69A16AA3C6}.Release|x64.Build.0 = Release|Any CPU
		{83796A1E-4B91-40F0-B63C-EA69A16AA3C6}.Release|x86.ActiveCfg = Release|Any CPU
		{83796A1E-4B91-40F0-B63C-EA69A16AA3C6}.Release|x86.Build.0 = Release|Any CPU
		{71CCA1B1-C171-46B3-AC0A-447423BF01C2}.Debug|Any CPU.ActiveCfg = Debug|Any CPU
		{71CCA1B1-C171-46B3-AC0A-447423BF01C2}.Debug|Any CPU.Build.0 = Debug|Any CPU
		{71CCA1B1-C171-46B3-AC0A-447423BF01C2}.Debug|x64.ActiveCfg = Debug|Any CPU
		{71CCA1B1-C171-46B3-AC0A-447423BF01C2}.Debug|x64.Build.0 = Debug|Any CPU
		{71CCA1B1-C171-46B3-AC0A-447423BF01C2}.Debug|x86.ActiveCfg = Debug|Any CPU
		{71CCA1B1-C171-46B3-AC0A-447423BF01C2}.Debug|x86.Build.0 = Debug|Any CPU
		{71CCA1B1-C171-46B3-AC0A-447423BF01C2}.Release|Any CPU.ActiveCfg = Release|Any CPU
		{71CCA1B1-C171-46B3-AC0A-447423BF01C2}.Release|Any CPU.Build.0 = Release|Any CPU
		{71CCA1B1-C171-46B3-AC0A-447423BF01C2}.Release|x64.ActiveCfg = Release|Any CPU
		{71CCA1B1-C171-46B3-AC0A-447423BF01C2}.Release|x64.Build.0 = Release|Any CPU
		{71CCA1B1-C171-46B3-AC0A-447423BF01C2}.Release|x86.ActiveCfg = Release|Any CPU
		{71CCA1B1-C171-46B3-AC0A-447423BF01C2}.Release|x86.Build.0 = Release|Any CPU
		{8DC1B747-5093-4CD9-A9E1-C14E518239E0}.Debug|Any CPU.ActiveCfg = Debug|Any CPU
		{8DC1B747-5093-4CD9-A9E1-C14E518239E0}.Debug|Any CPU.Build.0 = Debug|Any CPU
		{8DC1B747-5093-4CD9-A9E1-C14E518239E0}.Debug|x64.ActiveCfg = Debug|Any CPU
		{8DC1B747-5093-4CD9-A9E1-C14E518239E0}.Debug|x64.Build.0 = Debug|Any CPU
		{8DC1B747-5093-4CD9-A9E1-C14E518239E0}.Debug|x86.ActiveCfg = Debug|Any CPU
		{8DC1B747-5093-4CD9-A9E1-C14E518239E0}.Debug|x86.Build.0 = Debug|Any CPU
		{8DC1B747-5093-4CD9-A9E1-C14E518239E0}.Release|Any CPU.ActiveCfg = Release|Any CPU
		{8DC1B747-5093-4CD9-A9E1-C14E518239E0}.Release|Any CPU.Build.0 = Release|Any CPU
		{8DC1B747-5093-4CD9-A9E1-C14E518239E0}.Release|x64.ActiveCfg = Release|Any CPU
		{8DC1B747-5093-4CD9-A9E1-C14E518239E0}.Release|x64.Build.0 = Release|Any CPU
		{8DC1B747-5093-4CD9-A9E1-C14E518239E0}.Release|x86.ActiveCfg = Release|Any CPU
		{8DC1B747-5093-4CD9-A9E1-C14E518239E0}.Release|x86.Build.0 = Release|Any CPU
		{A451B000-3EE4-4CDB-BF29-47568741E3E1}.Debug|Any CPU.ActiveCfg = Debug|Any CPU
		{A451B000-3EE4-4CDB-BF29-47568741E3E1}.Debug|Any CPU.Build.0 = Debug|Any CPU
		{A451B000-3EE4-4CDB-BF29-47568741E3E1}.Debug|x64.ActiveCfg = Debug|Any CPU
		{A451B000-3EE4-4CDB-BF29-47568741E3E1}.Debug|x64.Build.0 = Debug|Any CPU
		{A451B000-3EE4-4CDB-BF29-47568741E3E1}.Debug|x86.ActiveCfg = Debug|Any CPU
		{A451B000-3EE4-4CDB-BF29-47568741E3E1}.Debug|x86.Build.0 = Debug|Any CPU
		{A451B000-3EE4-4CDB-BF29-47568741E3E1}.Release|Any CPU.ActiveCfg = Release|Any CPU
		{A451B000-3EE4-4CDB-BF29-47568741E3E1}.Release|Any CPU.Build.0 = Release|Any CPU
		{A451B000-3EE4-4CDB-BF29-47568741E3E1}.Release|x64.ActiveCfg = Release|Any CPU
		{A451B000-3EE4-4CDB-BF29-47568741E3E1}.Release|x64.Build.0 = Release|Any CPU
		{A451B000-3EE4-4CDB-BF29-47568741E3E1}.Release|x86.ActiveCfg = Release|Any CPU
		{A451B000-3EE4-4CDB-BF29-47568741E3E1}.Release|x86.Build.0 = Release|Any CPU
		{7951DA79-09B7-44E7-9CF5-C977C6F3DAC1}.Debug|Any CPU.ActiveCfg = Debug|Any CPU
		{7951DA79-09B7-44E7-9CF5-C977C6F3DAC1}.Debug|Any CPU.Build.0 = Debug|Any CPU
		{7951DA79-09B7-44E7-9CF5-C977C6F3DAC1}.Debug|x64.ActiveCfg = Debug|Any CPU
		{7951DA79-09B7-44E7-9CF5-C977C6F3DAC1}.Debug|x64.Build.0 = Debug|Any CPU
		{7951DA79-09B7-44E7-9CF5-C977C6F3DAC1}.Debug|x86.ActiveCfg = Debug|Any CPU
		{7951DA79-09B7-44E7-9CF5-C977C6F3DAC1}.Debug|x86.Build.0 = Debug|Any CPU
		{7951DA79-09B7-44E7-9CF5-C977C6F3DAC1}.Release|Any CPU.ActiveCfg = Release|Any CPU
		{7951DA79-09B7-44E7-9CF5-C977C6F3DAC1}.Release|Any CPU.Build.0 = Release|Any CPU
		{7951DA79-09B7-44E7-9CF5-C977C6F3DAC1}.Release|x64.ActiveCfg = Release|Any CPU
		{7951DA79-09B7-44E7-9CF5-C977C6F3DAC1}.Release|x64.Build.0 = Release|Any CPU
		{7951DA79-09B7-44E7-9CF5-C977C6F3DAC1}.Release|x86.ActiveCfg = Release|Any CPU
		{7951DA79-09B7-44E7-9CF5-C977C6F3DAC1}.Release|x86.Build.0 = Release|Any CPU
		{B86750A2-5DFE-401F-8289-04E0BC4E1716}.Debug|Any CPU.ActiveCfg = Debug|Any CPU
		{B86750A2-5DFE-401F-8289-04E0BC4E1716}.Debug|Any CPU.Build.0 = Debug|Any CPU
		{B86750A2-5DFE-401F-8289-04E0BC4E1716}.Debug|x64.ActiveCfg = Debug|Any CPU
		{B86750A2-5DFE-401F-8289-04E0BC4E1716}.Debug|x64.Build.0 = Debug|Any CPU
		{B86750A2-5DFE-401F-8289-04E0BC4E1716}.Debug|x86.ActiveCfg = Debug|Any CPU
		{B86750A2-5DFE-401F-8289-04E0BC4E1716}.Debug|x86.Build.0 = Debug|Any CPU
		{B86750A2-5DFE-401F-8289-04E0BC4E1716}.Release|Any CPU.ActiveCfg = Release|Any CPU
		{B86750A2-5DFE-401F-8289-04E0BC4E1716}.Release|Any CPU.Build.0 = Release|Any CPU
		{B86750A2-5DFE-401F-8289-04E0BC4E1716}.Release|x64.ActiveCfg = Release|Any CPU
		{B86750A2-5DFE-401F-8289-04E0BC4E1716}.Release|x64.Build.0 = Release|Any CPU
		{B86750A2-5DFE-401F-8289-04E0BC4E1716}.Release|x86.ActiveCfg = Release|Any CPU
		{B86750A2-5DFE-401F-8289-04E0BC4E1716}.Release|x86.Build.0 = Release|Any CPU
		{9E449909-DD27-4DDD-B167-995E782E3239}.Debug|Any CPU.ActiveCfg = Debug|Any CPU
		{9E449909-DD27-4DDD-B167-995E782E3239}.Debug|Any CPU.Build.0 = Debug|Any CPU
		{9E449909-DD27-4DDD-B167-995E782E3239}.Debug|x64.ActiveCfg = Debug|Any CPU
		{9E449909-DD27-4DDD-B167-995E782E3239}.Debug|x64.Build.0 = Debug|Any CPU
		{9E449909-DD27-4DDD-B167-995E782E3239}.Debug|x86.ActiveCfg = Debug|Any CPU
		{9E449909-DD27-4DDD-B167-995E782E3239}.Debug|x86.Build.0 = Debug|Any CPU
		{9E449909-DD27-4DDD-B167-995E782E3239}.Release|Any CPU.ActiveCfg = Release|Any CPU
		{9E449909-DD27-4DDD-B167-995E782E3239}.Release|Any CPU.Build.0 = Release|Any CPU
		{9E449909-DD27-4DDD-B167-995E782E3239}.Release|x64.ActiveCfg = Release|Any CPU
		{9E449909-DD27-4DDD-B167-995E782E3239}.Release|x64.Build.0 = Release|Any CPU
		{9E449909-DD27-4DDD-B167-995E782E3239}.Release|x86.ActiveCfg = Release|Any CPU
		{9E449909-DD27-4DDD-B167-995E782E3239}.Release|x86.Build.0 = Release|Any CPU
		{5728B379-8388-43BC-AFF4-DD7E4DB4C038}.Debug|Any CPU.ActiveCfg = Debug|Any CPU
		{5728B379-8388-43BC-AFF4-DD7E4DB4C038}.Debug|Any CPU.Build.0 = Debug|Any CPU
		{5728B379-8388-43BC-AFF4-DD7E4DB4C038}.Debug|x64.ActiveCfg = Debug|Any CPU
		{5728B379-8388-43BC-AFF4-DD7E4DB4C038}.Debug|x64.Build.0 = Debug|Any CPU
		{5728B379-8388-43BC-AFF4-DD7E4DB4C038}.Debug|x86.ActiveCfg = Debug|Any CPU
		{5728B379-8388-43BC-AFF4-DD7E4DB4C038}.Debug|x86.Build.0 = Debug|Any CPU
		{5728B379-8388-43BC-AFF4-DD7E4DB4C038}.Release|Any CPU.ActiveCfg = Release|Any CPU
		{5728B379-8388-43BC-AFF4-DD7E4DB4C038}.Release|Any CPU.Build.0 = Release|Any CPU
		{5728B379-8388-43BC-AFF4-DD7E4DB4C038}.Release|x64.ActiveCfg = Release|Any CPU
		{5728B379-8388-43BC-AFF4-DD7E4DB4C038}.Release|x64.Build.0 = Release|Any CPU
		{5728B379-8388-43BC-AFF4-DD7E4DB4C038}.Release|x86.ActiveCfg = Release|Any CPU
		{5728B379-8388-43BC-AFF4-DD7E4DB4C038}.Release|x86.Build.0 = Release|Any CPU
		{8A71D08B-C4B6-4629-B7CB-61AAA6C261A1}.Debug|Any CPU.ActiveCfg = Debug|Any CPU
		{8A71D08B-C4B6-4629-B7CB-61AAA6C261A1}.Debug|Any CPU.Build.0 = Debug|Any CPU
		{8A71D08B-C4B6-4629-B7CB-61AAA6C261A1}.Debug|x64.ActiveCfg = Debug|Any CPU
		{8A71D08B-C4B6-4629-B7CB-61AAA6C261A1}.Debug|x64.Build.0 = Debug|Any CPU
		{8A71D08B-C4B6-4629-B7CB-61AAA6C261A1}.Debug|x86.ActiveCfg = Debug|Any CPU
		{8A71D08B-C4B6-4629-B7CB-61AAA6C261A1}.Debug|x86.Build.0 = Debug|Any CPU
		{8A71D08B-C4B6-4629-B7CB-61AAA6C261A1}.Release|Any CPU.ActiveCfg = Release|Any CPU
		{8A71D08B-C4B6-4629-B7CB-61AAA6C261A1}.Release|Any CPU.Build.0 = Release|Any CPU
		{8A71D08B-C4B6-4629-B7CB-61AAA6C261A1}.Release|x64.ActiveCfg = Release|Any CPU
		{8A71D08B-C4B6-4629-B7CB-61AAA6C261A1}.Release|x64.Build.0 = Release|Any CPU
		{8A71D08B-C4B6-4629-B7CB-61AAA6C261A1}.Release|x86.ActiveCfg = Release|Any CPU
		{8A71D08B-C4B6-4629-B7CB-61AAA6C261A1}.Release|x86.Build.0 = Release|Any CPU
		{9279751F-81B9-416B-A52A-28FE3D0C2D43}.Debug|Any CPU.ActiveCfg = Debug|Any CPU
		{9279751F-81B9-416B-A52A-28FE3D0C2D43}.Debug|Any CPU.Build.0 = Debug|Any CPU
		{9279751F-81B9-416B-A52A-28FE3D0C2D43}.Debug|x64.ActiveCfg = Debug|Any CPU
		{9279751F-81B9-416B-A52A-28FE3D0C2D43}.Debug|x64.Build.0 = Debug|Any CPU
		{9279751F-81B9-416B-A52A-28FE3D0C2D43}.Debug|x86.ActiveCfg = Debug|Any CPU
		{9279751F-81B9-416B-A52A-28FE3D0C2D43}.Debug|x86.Build.0 = Debug|Any CPU
		{9279751F-81B9-416B-A52A-28FE3D0C2D43}.Release|Any CPU.ActiveCfg = Release|Any CPU
		{9279751F-81B9-416B-A52A-28FE3D0C2D43}.Release|Any CPU.Build.0 = Release|Any CPU
		{9279751F-81B9-416B-A52A-28FE3D0C2D43}.Release|x64.ActiveCfg = Release|Any CPU
		{9279751F-81B9-416B-A52A-28FE3D0C2D43}.Release|x64.Build.0 = Release|Any CPU
		{9279751F-81B9-416B-A52A-28FE3D0C2D43}.Release|x86.ActiveCfg = Release|Any CPU
		{9279751F-81B9-416B-A52A-28FE3D0C2D43}.Release|x86.Build.0 = Release|Any CPU
		{731B6002-EA10-483C-97F1-0D3C0AB27B0A}.Debug|Any CPU.ActiveCfg = Debug|Any CPU
		{731B6002-EA10-483C-97F1-0D3C0AB27B0A}.Debug|Any CPU.Build.0 = Debug|Any CPU
		{731B6002-EA10-483C-97F1-0D3C0AB27B0A}.Debug|x64.ActiveCfg = Debug|Any CPU
		{731B6002-EA10-483C-97F1-0D3C0AB27B0A}.Debug|x64.Build.0 = Debug|Any CPU
		{731B6002-EA10-483C-97F1-0D3C0AB27B0A}.Debug|x86.ActiveCfg = Debug|Any CPU
		{731B6002-EA10-483C-97F1-0D3C0AB27B0A}.Debug|x86.Build.0 = Debug|Any CPU
		{731B6002-EA10-483C-97F1-0D3C0AB27B0A}.Release|Any CPU.ActiveCfg = Release|Any CPU
		{731B6002-EA10-483C-97F1-0D3C0AB27B0A}.Release|Any CPU.Build.0 = Release|Any CPU
		{731B6002-EA10-483C-97F1-0D3C0AB27B0A}.Release|x64.ActiveCfg = Release|Any CPU
		{731B6002-EA10-483C-97F1-0D3C0AB27B0A}.Release|x64.Build.0 = Release|Any CPU
		{731B6002-EA10-483C-97F1-0D3C0AB27B0A}.Release|x86.ActiveCfg = Release|Any CPU
		{731B6002-EA10-483C-97F1-0D3C0AB27B0A}.Release|x86.Build.0 = Release|Any CPU
		{5541A010-A7FE-41F2-B4FD-80D43C3CFEA8}.Debug|Any CPU.ActiveCfg = Debug|Any CPU
		{5541A010-A7FE-41F2-B4FD-80D43C3CFEA8}.Debug|Any CPU.Build.0 = Debug|Any CPU
		{5541A010-A7FE-41F2-B4FD-80D43C3CFEA8}.Debug|x64.ActiveCfg = Debug|Any CPU
		{5541A010-A7FE-41F2-B4FD-80D43C3CFEA8}.Debug|x64.Build.0 = Debug|Any CPU
		{5541A010-A7FE-41F2-B4FD-80D43C3CFEA8}.Debug|x86.ActiveCfg = Debug|Any CPU
		{5541A010-A7FE-41F2-B4FD-80D43C3CFEA8}.Debug|x86.Build.0 = Debug|Any CPU
		{5541A010-A7FE-41F2-B4FD-80D43C3CFEA8}.Release|Any CPU.ActiveCfg = Release|Any CPU
		{5541A010-A7FE-41F2-B4FD-80D43C3CFEA8}.Release|Any CPU.Build.0 = Release|Any CPU
		{5541A010-A7FE-41F2-B4FD-80D43C3CFEA8}.Release|x64.ActiveCfg = Release|Any CPU
		{5541A010-A7FE-41F2-B4FD-80D43C3CFEA8}.Release|x64.Build.0 = Release|Any CPU
		{5541A010-A7FE-41F2-B4FD-80D43C3CFEA8}.Release|x86.ActiveCfg = Release|Any CPU
		{5541A010-A7FE-41F2-B4FD-80D43C3CFEA8}.Release|x86.Build.0 = Release|Any CPU
		{31D6FF0E-1BA3-4C04-B99C-604455529CB9}.Debug|Any CPU.ActiveCfg = Debug|Any CPU
		{31D6FF0E-1BA3-4C04-B99C-604455529CB9}.Debug|Any CPU.Build.0 = Debug|Any CPU
		{31D6FF0E-1BA3-4C04-B99C-604455529CB9}.Debug|x64.ActiveCfg = Debug|Any CPU
		{31D6FF0E-1BA3-4C04-B99C-604455529CB9}.Debug|x64.Build.0 = Debug|Any CPU
		{31D6FF0E-1BA3-4C04-B99C-604455529CB9}.Debug|x86.ActiveCfg = Debug|Any CPU
		{31D6FF0E-1BA3-4C04-B99C-604455529CB9}.Debug|x86.Build.0 = Debug|Any CPU
		{31D6FF0E-1BA3-4C04-B99C-604455529CB9}.Release|Any CPU.ActiveCfg = Release|Any CPU
		{31D6FF0E-1BA3-4C04-B99C-604455529CB9}.Release|Any CPU.Build.0 = Release|Any CPU
		{31D6FF0E-1BA3-4C04-B99C-604455529CB9}.Release|x64.ActiveCfg = Release|Any CPU
		{31D6FF0E-1BA3-4C04-B99C-604455529CB9}.Release|x64.Build.0 = Release|Any CPU
		{31D6FF0E-1BA3-4C04-B99C-604455529CB9}.Release|x86.ActiveCfg = Release|Any CPU
		{31D6FF0E-1BA3-4C04-B99C-604455529CB9}.Release|x86.Build.0 = Release|Any CPU
		{79436A37-70C3-4192-82BA-C2A7A2C584D1}.Debug|Any CPU.ActiveCfg = Debug|Any CPU
		{79436A37-70C3-4192-82BA-C2A7A2C584D1}.Debug|Any CPU.Build.0 = Debug|Any CPU
		{79436A37-70C3-4192-82BA-C2A7A2C584D1}.Debug|x64.ActiveCfg = Debug|Any CPU
		{79436A37-70C3-4192-82BA-C2A7A2C584D1}.Debug|x64.Build.0 = Debug|Any CPU
		{79436A37-70C3-4192-82BA-C2A7A2C584D1}.Debug|x86.ActiveCfg = Debug|Any CPU
		{79436A37-70C3-4192-82BA-C2A7A2C584D1}.Debug|x86.Build.0 = Debug|Any CPU
		{79436A37-70C3-4192-82BA-C2A7A2C584D1}.Release|Any CPU.ActiveCfg = Release|Any CPU
		{79436A37-70C3-4192-82BA-C2A7A2C584D1}.Release|Any CPU.Build.0 = Release|Any CPU
		{79436A37-70C3-4192-82BA-C2A7A2C584D1}.Release|x64.ActiveCfg = Release|Any CPU
		{79436A37-70C3-4192-82BA-C2A7A2C584D1}.Release|x64.Build.0 = Release|Any CPU
		{79436A37-70C3-4192-82BA-C2A7A2C584D1}.Release|x86.ActiveCfg = Release|Any CPU
		{79436A37-70C3-4192-82BA-C2A7A2C584D1}.Release|x86.Build.0 = Release|Any CPU
		{5775AC68-DC3E-404E-A523-133461CAB99D}.Debug|Any CPU.ActiveCfg = Debug|Any CPU
		{5775AC68-DC3E-404E-A523-133461CAB99D}.Debug|Any CPU.Build.0 = Debug|Any CPU
		{5775AC68-DC3E-404E-A523-133461CAB99D}.Debug|x64.ActiveCfg = Debug|Any CPU
		{5775AC68-DC3E-404E-A523-133461CAB99D}.Debug|x64.Build.0 = Debug|Any CPU
		{5775AC68-DC3E-404E-A523-133461CAB99D}.Debug|x86.ActiveCfg = Debug|Any CPU
		{5775AC68-DC3E-404E-A523-133461CAB99D}.Debug|x86.Build.0 = Debug|Any CPU
		{5775AC68-DC3E-404E-A523-133461CAB99D}.Release|Any CPU.ActiveCfg = Release|Any CPU
		{5775AC68-DC3E-404E-A523-133461CAB99D}.Release|Any CPU.Build.0 = Release|Any CPU
		{5775AC68-DC3E-404E-A523-133461CAB99D}.Release|x64.ActiveCfg = Release|Any CPU
		{5775AC68-DC3E-404E-A523-133461CAB99D}.Release|x64.Build.0 = Release|Any CPU
		{5775AC68-DC3E-404E-A523-133461CAB99D}.Release|x86.ActiveCfg = Release|Any CPU
		{5775AC68-DC3E-404E-A523-133461CAB99D}.Release|x86.Build.0 = Release|Any CPU
	EndGlobalSection
	GlobalSection(SolutionProperties) = preSolution
		HideSolutionNode = FALSE
	EndGlobalSection
	GlobalSection(NestedProjects) = preSolution
		{DF0CFE7D-70BF-4DDA-A517-7D6B74A18217} = {4D2E8816-7E83-4B8E-A723-F29F3AFEB53C}
		{D245B692-AEA6-4D1C-8815-80B575D7E737} = {4D2E8816-7E83-4B8E-A723-F29F3AFEB53C}
		{D78319CB-C002-48FC-84E3-4807F8212667} = {4D2E8816-7E83-4B8E-A723-F29F3AFEB53C}
		{523002D1-4CED-48D7-85A4-77E7339385C4} = {4D2E8816-7E83-4B8E-A723-F29F3AFEB53C}
		{3042B0DD-87BD-4E13-98B3-02BB49DD8202} = {4D2E8816-7E83-4B8E-A723-F29F3AFEB53C}
		{7AA0C960-799E-4FEA-85BE-219A4F66B5C1} = {784C9BDC-AA34-478F-9F51-20BFD73BCC3A}
		{EEACBAFB-559C-43DE-AA03-9862F67E970A} = {4D2E8816-7E83-4B8E-A723-F29F3AFEB53C}
		{71CCA1B1-C171-46B3-AC0A-447423BF01C2} = {3974AB6F-C0EC-4EC3-A40E-71017707AA0F}
		{8DC1B747-5093-4CD9-A9E1-C14E518239E0} = {3974AB6F-C0EC-4EC3-A40E-71017707AA0F}
		{1F47330F-AB43-BCFB-147F-009CD52107E0} = {CA253913-39DE-BFD0-C9A3-4B7EC6FBDF17}
		{17D933FC-B744-8FD4-873D-F69475001DFB} = {1F47330F-AB43-BCFB-147F-009CD52107E0}
		{F3EA7EFA-1C83-E339-31E0-0E30258E478D} = {17D933FC-B744-8FD4-873D-F69475001DFB}
		{7951DA79-09B7-44E7-9CF5-C977C6F3DAC1} = {F3EA7EFA-1C83-E339-31E0-0E30258E478D}
		{76694B99-E1C2-D38E-B539-272FF83CF759} = {17D933FC-B744-8FD4-873D-F69475001DFB}
		{B86750A2-5DFE-401F-8289-04E0BC4E1716} = {76694B99-E1C2-D38E-B539-272FF83CF759}
		{20EDA20B-B86F-BAE2-8853-8254F8238041} = {CA253913-39DE-BFD0-C9A3-4B7EC6FBDF17}
		{5728B379-8388-43BC-AFF4-DD7E4DB4C038} = {20EDA20B-B86F-BAE2-8853-8254F8238041}
		{8A71D08B-C4B6-4629-B7CB-61AAA6C261A1} = {20EDA20B-B86F-BAE2-8853-8254F8238041}
		{9279751F-81B9-416B-A52A-28FE3D0C2D43} = {20EDA20B-B86F-BAE2-8853-8254F8238041}
		{731B6002-EA10-483C-97F1-0D3C0AB27B0A} = {20EDA20B-B86F-BAE2-8853-8254F8238041}
		{5541A010-A7FE-41F2-B4FD-80D43C3CFEA8} = {20EDA20B-B86F-BAE2-8853-8254F8238041}
		{31D6FF0E-1BA3-4C04-B99C-604455529CB9} = {20EDA20B-B86F-BAE2-8853-8254F8238041}
		{79436A37-70C3-4192-82BA-C2A7A2C584D1} = {20EDA20B-B86F-BAE2-8853-8254F8238041}
		{5775AC68-DC3E-404E-A523-133461CAB99D} = {20EDA20B-B86F-BAE2-8853-8254F8238041}
	EndGlobalSection
EndGlobal
