
Microsoft Visual Studio Solution File, Format Version 12.00
# Visual Studio Version 17
VisualStudioVersion = 17.0.31903.59
MinimumVisualStudioVersion = 10.0.40219.1
Project("{2150E333-8FDC-42A3-9474-1A3956D46DE8}") = "AkGaming.Core", "AkGaming.Core", "{7E61E377-C113-24C7-9436-145B34965ACD}"
EndProject
Project("{2150E333-8FDC-42A3-9474-1A3956D46DE8}") = "Common", "Common", "{B3B0710B-A4B1-B3F9-E8B7-F52DA389B1B2}"
EndProject
Project("{FAE04EC0-301F-11D3-BF4B-00C04F79EFBC}") = "AkGaming.Core.Common", "AkGaming.Core\Common\AkGaming.Core.Common.csproj", "{9B07129D-61CA-4E46-8A5A-85003DA46B50}"
EndProject
Project("{2150E333-8FDC-42A3-9474-1A3956D46DE8}") = "AkGaming.Identity", "AkGaming.Identity", "{4BE5A275-7D81-538D-2CB3-AE0E7182FED6}"
EndProject
Project("{2150E333-8FDC-42A3-9474-1A3956D46DE8}") = "Api", "Api", "{F6184ACD-9975-B00B-6E03-AF5C21D8DDA5}"
EndProject
Project("{FAE04EC0-301F-11D3-BF4B-00C04F79EFBC}") = "AkGaming.Identity.Api", "AkGaming.Identity\Api\AkGaming.Identity.Api.csproj", "{6B984DCB-C3F4-458F-AEC6-AA17C2F28FB6}"
EndProject
Project("{2150E333-8FDC-42A3-9474-1A3956D46DE8}") = "Contracts", "Contracts", "{F9CDDBA1-FDE9-2EB9-3C68-33C0E7920E6E}"
EndProject
Project("{FAE04EC0-301F-11D3-BF4B-00C04F79EFBC}") = "AkGaming.Identity.Contracts", "AkGaming.Identity\Contracts\AkGaming.Identity.Contracts.csproj", "{300F965D-08C2-4921-A1B1-8823FC4F1536}"
EndProject
Project("{2150E333-8FDC-42A3-9474-1A3956D46DE8}") = "Application", "Application", "{67C3E15A-78DF-E073-FDED-EDF562B839C5}"
EndProject
Project("{FAE04EC0-301F-11D3-BF4B-00C04F79EFBC}") = "AkGaming.Identity.Application", "AkGaming.Identity\Application\AkGaming.Identity.Application.csproj", "{F2F5D757-4931-432E-B56D-CA0548853544}"
EndProject
Project("{2150E333-8FDC-42A3-9474-1A3956D46DE8}") = "Domain", "Domain", "{A379DDD6-9178-78EA-D3DD-609F677415F6}"
EndProject
Project("{FAE04EC0-301F-11D3-BF4B-00C04F79EFBC}") = "AkGaming.Identity.Domain", "AkGaming.Identity\Domain\AkGaming.Identity.Domain.csproj", "{9E0F4F7C-F043-40C2-A46F-4B8B9CD6051B}"
EndProject
Project("{2150E333-8FDC-42A3-9474-1A3956D46DE8}") = "Infrastructure", "Infrastructure", "{0A3157F8-6A76-AE20-7EF9-0D8FA4599998}"
EndProject
Project("{FAE04EC0-301F-11D3-BF4B-00C04F79EFBC}") = "AkGaming.Identity.Infrastructure", "AkGaming.Identity\Infrastructure\AkGaming.Identity.Infrastructure.csproj", "{0393919F-5004-44BA-A33D-13F3CA341C63}"
EndProject
Project("{2150E333-8FDC-42A3-9474-1A3956D46DE8}") = "Tests", "Tests", "{B54217AB-8827-5C11-0426-D2A87F5D3132}"
EndProject
Project("{2150E333-8FDC-42A3-9474-1A3956D46DE8}") = "Api.IntegrationTests", "Api.IntegrationTests", "{2C5EC01F-4BDC-92C8-F2F5-51BDC9681001}"
EndProject
Project("{FAE04EC0-301F-11D3-BF4B-00C04F79EFBC}") = "AkGaming.Identity.Api.IntegrationTests", "AkGaming.Identity\Tests\Api.IntegrationTests\AkGaming.Identity.Api.IntegrationTests.csproj", "{2297ECD4-1456-4C64-8DD8-8E52447D0017}"
EndProject
Project("{2150E333-8FDC-42A3-9474-1A3956D46DE8}") = "Application.UnitTests", "Application.UnitTests", "{0F2ECC41-7727-AAA2-A0AB-795A12D67A45}"
EndProject
Project("{FAE04EC0-301F-11D3-BF4B-00C04F79EFBC}") = "AkGaming.Identity.Application.UnitTests", "AkGaming.Identity\Tests\Application.UnitTests\AkGaming.Identity.Application.UnitTests.csproj", "{752CAC1B-A080-45D5-8CEB-C51F46524627}"
EndProject
Project("{2150E333-8FDC-42A3-9474-1A3956D46DE8}") = "AkGaming.Management", "AkGaming.Management", "{CC21A367-6E05-5929-8589-474FAFAB30B5}"
EndProject
Project("{2150E333-8FDC-42A3-9474-1A3956D46DE8}") = "Frontend.Components", "Frontend.Components", "{700BB0CE-5D13-41BE-5D67-698401E475D8}"
EndProject
Project("{FAE04EC0-301F-11D3-BF4B-00C04F79EFBC}") = "AkGaming.Management.Frontend.Components", "AkGaming.Management\Frontend.Components\AkGaming.Management.Frontend.Components.csproj", "{4393E97A-559D-4BB6-B9EC-1E45F682C1EE}"
EndProject
Project("{2150E333-8FDC-42A3-9474-1A3956D46DE8}") = "Modules", "Modules", "{F443D132-F7D6-2DE4-DD41-5E120C56AEC7}"
EndProject
Project("{2150E333-8FDC-42A3-9474-1A3956D46DE8}") = "MemberManagement", "MemberManagement", "{F909DBE9-8DFC-8857-E86D-DEBEA3C42F59}"
EndProject
Project("{2150E333-8FDC-42A3-9474-1A3956D46DE8}") = "Contracts", "Contracts", "{01C49991-93AF-8496-FCB8-714F0CE6E232}"
EndProject
Project("{FAE04EC0-301F-11D3-BF4B-00C04F79EFBC}") = "AkGaming.Management.Modules.MemberManagement.Contracts", "AkGaming.Management\Modules\MemberManagement\Contracts\AkGaming.Management.Modules.MemberManagement.Contracts.csproj", "{E943258B-224E-4661-8A69-963A64D0CDCC}"
EndProject
Project("{2150E333-8FDC-42A3-9474-1A3956D46DE8}") = "Frontend", "Frontend", "{316EFB2A-7C97-025A-40F2-F0A6AFD85983}"
EndProject
Project("{FAE04EC0-301F-11D3-BF4B-00C04F79EFBC}") = "AkGaming.Management.Frontend", "AkGaming.Management\Frontend\AkGaming.Management.Frontend.csproj", "{44E617CD-EDFA-409B-A715-B9B434F555C5}"
EndProject
Project("{2150E333-8FDC-42A3-9474-1A3956D46DE8}") = "Api", "Api", "{D6F7E5CC-645E-37B0-AF59-DEC44513F82A}"
EndProject
Project("{FAE04EC0-301F-11D3-BF4B-00C04F79EFBC}") = "AkGaming.Management.Modules.MemberManagement.Api", "AkGaming.Management\Modules\MemberManagement\Api\AkGaming.Management.Modules.MemberManagement.Api.csproj", "{4564435E-1C05-41F3-876E-47069470FE22}"
EndProject
Project("{2150E333-8FDC-42A3-9474-1A3956D46DE8}") = "Application", "Application", "{633AF028-B33F-6A87-D5A7-B7BBFD202A07}"
EndProject
Project("{FAE04EC0-301F-11D3-BF4B-00C04F79EFBC}") = "AkGaming.Management.Modules.MemberManagement.Application", "AkGaming.Management\Modules\MemberManagement\Application\AkGaming.Management.Modules.MemberManagement.Application.csproj", "{2928FB3A-5603-4DC4-89CB-EAA5C3D48CD3}"
EndProject
Project("{2150E333-8FDC-42A3-9474-1A3956D46DE8}") = "Domain", "Domain", "{103A3C67-04FC-200B-519C-A78A298768B6}"
EndProject
Project("{FAE04EC0-301F-11D3-BF4B-00C04F79EFBC}") = "AkGaming.Management.Modules.MemberManagement.Domain", "AkGaming.Management\Modules\MemberManagement\Domain\AkGaming.Management.Modules.MemberManagement.Domain.csproj", "{6885CF20-3E82-4FD9-B33B-7AD9AEC0B722}"
EndProject
Project("{2150E333-8FDC-42A3-9474-1A3956D46DE8}") = "Infrastructure", "Infrastructure", "{947774DE-7B32-94AC-CDD8-705E44B0CF17}"
EndProject
Project("{FAE04EC0-301F-11D3-BF4B-00C04F79EFBC}") = "AkGaming.Management.Modules.MemberManagement.Infrastructure", "AkGaming.Management\Modules\MemberManagement\Infrastructure\AkGaming.Management.Modules.MemberManagement.Infrastructure.csproj", "{C0CFD465-81AF-4AF0-A975-1CF145989083}"
EndProject
Project("{2150E333-8FDC-42A3-9474-1A3956D46DE8}") = "Tests", "Tests", "{3A4CB46A-E7F2-2CC2-571E-9265C8CA2066}"
EndProject
Project("{FAE04EC0-301F-11D3-BF4B-00C04F79EFBC}") = "AkGaming.Management.Modules.MemberManagement.Tests", "AkGaming.Management\Modules\MemberManagement\Tests\AkGaming.Management.Modules.MemberManagement.Tests.csproj", "{D881362B-3E7A-4B96-B14E-30684A45C87D}"
EndProject
Project("{2150E333-8FDC-42A3-9474-1A3956D46DE8}") = "WebApi", "WebApi", "{FAA34CCC-3E8B-551B-A56E-7A6C95109086}"
EndProject
Project("{FAE04EC0-301F-11D3-BF4B-00C04F79EFBC}") = "AkGaming.Management.WebApi", "AkGaming.Management\WebApi\AkGaming.Management.WebApi.csproj", "{F1CABA46-5CFB-409C-A8CC-CD2ABF9906C8}"
EndProject
Project("{2150E333-8FDC-42A3-9474-1A3956D46DE8}") = "AkGaming.Invoicing", "AkGaming.Invoicing", "{5AAD9A2B-ADDF-B7BE-2B27-9B2B733A5562}"
EndProject
Project("{2150E333-8FDC-42A3-9474-1A3956D46DE8}") = "Core", "Core", "{E994A6E5-201B-2154-68E9-A3FF1E5D0F68}"
EndProject
Project("{FAE04EC0-301F-11D3-BF4B-00C04F79EFBC}") = "AkGaming.Invoicing.Core", "AkGaming.Invoicing\Core\AkGaming.Invoicing.Core.csproj", "{5CA957B4-899D-4883-9D99-179DA8E0FC2A}"
EndProject
Project("{2150E333-8FDC-42A3-9474-1A3956D46DE8}") = "Cli", "Cli", "{B1B3B349-1A85-903B-8236-87C8AF1C293B}"
EndProject
Project("{FAE04EC0-301F-11D3-BF4B-00C04F79EFBC}") = "AkGaming.Invoicing.Cli", "AkGaming.Invoicing\Cli\AkGaming.Invoicing.Cli.csproj", "{E7759FD1-CCAF-456D-AFF4-CFBBDE4283B1}"
EndProject
Project("{2150E333-8FDC-42A3-9474-1A3956D46DE8}") = "Api", "Api", "{AA76B057-39D9-C44C-D603-06CF6E1F7A2B}"
EndProject
Project("{FAE04EC0-301F-11D3-BF4B-00C04F79EFBC}") = "AkGaming.Invoicing.Api", "AkGaming.Invoicing\Api\AkGaming.Invoicing.Api.csproj", "{2DFC1C2D-67CB-4F9A-B4ED-3965EC09B2FD}"
EndProject
Global
	GlobalSection(SolutionConfigurationPlatforms) = preSolution
		Debug|Any CPU = Debug|Any CPU
		Debug|x64 = Debug|x64
		Debug|x86 = Debug|x86
		Release|Any CPU = Release|Any CPU
		Release|x64 = Release|x64
		Release|x86 = Release|x86
	EndGlobalSection
	GlobalSection(ProjectConfigurationPlatforms) = postSolution
		{9B07129D-61CA-4E46-8A5A-85003DA46B50}.Debug|Any CPU.ActiveCfg = Debug|Any CPU
		{9B07129D-61CA-4E46-8A5A-85003DA46B50}.Debug|Any CPU.Build.0 = Debug|Any CPU
		{9B07129D-61CA-4E46-8A5A-85003DA46B50}.Debug|x64.ActiveCfg = Debug|Any CPU
		{9B07129D-61CA-4E46-8A5A-85003DA46B50}.Debug|x64.Build.0 = Debug|Any CPU
		{9B07129D-61CA-4E46-8A5A-85003DA46B50}.Debug|x86.ActiveCfg = Debug|Any CPU
		{9B07129D-61CA-4E46-8A5A-85003DA46B50}.Debug|x86.Build.0 = Debug|Any CPU
		{9B07129D-61CA-4E46-8A5A-85003DA46B50}.Release|Any CPU.ActiveCfg = Release|Any CPU
		{9B07129D-61CA-4E46-8A5A-85003DA46B50}.Release|Any CPU.Build.0 = Release|Any CPU
		{9B07129D-61CA-4E46-8A5A-85003DA46B50}.Release|x64.ActiveCfg = Release|Any CPU
		{9B07129D-61CA-4E46-8A5A-85003DA46B50}.Release|x64.Build.0 = Release|Any CPU
		{9B07129D-61CA-4E46-8A5A-85003DA46B50}.Release|x86.ActiveCfg = Release|Any CPU
		{9B07129D-61CA-4E46-8A5A-85003DA46B50}.Release|x86.Build.0 = Release|Any CPU
		{6B984DCB-C3F4-458F-AEC6-AA17C2F28FB6}.Debug|Any CPU.ActiveCfg = Debug|Any CPU
		{6B984DCB-C3F4-458F-AEC6-AA17C2F28FB6}.Debug|Any CPU.Build.0 = Debug|Any CPU
		{6B984DCB-C3F4-458F-AEC6-AA17C2F28FB6}.Debug|x64.ActiveCfg = Debug|Any CPU
		{6B984DCB-C3F4-458F-AEC6-AA17C2F28FB6}.Debug|x64.Build.0 = Debug|Any CPU
		{6B984DCB-C3F4-458F-AEC6-AA17C2F28FB6}.Debug|x86.ActiveCfg = Debug|Any CPU
		{6B984DCB-C3F4-458F-AEC6-AA17C2F28FB6}.Debug|x86.Build.0 = Debug|Any CPU
		{6B984DCB-C3F4-458F-AEC6-AA17C2F28FB6}.Release|Any CPU.ActiveCfg = Release|Any CPU
		{6B984DCB-C3F4-458F-AEC6-AA17C2F28FB6}.Release|Any CPU.Build.0 = Release|Any CPU
		{6B984DCB-C3F4-458F-AEC6-AA17C2F28FB6}.Release|x64.ActiveCfg = Release|Any CPU
		{6B984DCB-C3F4-458F-AEC6-AA17C2F28FB6}.Release|x64.Build.0 = Release|Any CPU
		{6B984DCB-C3F4-458F-AEC6-AA17C2F28FB6}.Release|x86.ActiveCfg = Release|Any CPU
		{6B984DCB-C3F4-458F-AEC6-AA17C2F28FB6}.Release|x86.Build.0 = Release|Any CPU
		{300F965D-08C2-4921-A1B1-8823FC4F1536}.Debug|Any CPU.ActiveCfg = Debug|Any CPU
		{300F965D-08C2-4921-A1B1-8823FC4F1536}.Debug|Any CPU.Build.0 = Debug|Any CPU
		{300F965D-08C2-4921-A1B1-8823FC4F1536}.Debug|x64.ActiveCfg = Debug|Any CPU
		{300F965D-08C2-4921-A1B1-8823FC4F1536}.Debug|x64.Build.0 = Debug|Any CPU
		{300F965D-08C2-4921-A1B1-8823FC4F1536}.Debug|x86.ActiveCfg = Debug|Any CPU
		{300F965D-08C2-4921-A1B1-8823FC4F1536}.Debug|x86.Build.0 = Debug|Any CPU
		{300F965D-08C2-4921-A1B1-8823FC4F1536}.Release|Any CPU.ActiveCfg = Release|Any CPU
		{300F965D-08C2-4921-A1B1-8823FC4F1536}.Release|Any CPU.Build.0 = Release|Any CPU
		{300F965D-08C2-4921-A1B1-8823FC4F1536}.Release|x64.ActiveCfg = Release|Any CPU
		{300F965D-08C2-4921-A1B1-8823FC4F1536}.Release|x64.Build.0 = Release|Any CPU
		{300F965D-08C2-4921-A1B1-8823FC4F1536}.Release|x86.ActiveCfg = Release|Any CPU
		{300F965D-08C2-4921-A1B1-8823FC4F1536}.Release|x86.Build.0 = Release|Any CPU
		{F2F5D757-4931-432E-B56D-CA0548853544}.Debug|Any CPU.ActiveCfg = Debug|Any CPU
		{F2F5D757-4931-432E-B56D-CA0548853544}.Debug|Any CPU.Build.0 = Debug|Any CPU
		{F2F5D757-4931-432E-B56D-CA0548853544}.Debug|x64.ActiveCfg = Debug|Any CPU
		{F2F5D757-4931-432E-B56D-CA0548853544}.Debug|x64.Build.0 = Debug|Any CPU
		{F2F5D757-4931-432E-B56D-CA0548853544}.Debug|x86.ActiveCfg = Debug|Any CPU
		{F2F5D757-4931-432E-B56D-CA0548853544}.Debug|x86.Build.0 = Debug|Any CPU
		{F2F5D757-4931-432E-B56D-CA0548853544}.Release|Any CPU.ActiveCfg = Release|Any CPU
		{F2F5D757-4931-432E-B56D-CA0548853544}.Release|Any CPU.Build.0 = Release|Any CPU
		{F2F5D757-4931-432E-B56D-CA0548853544}.Release|x64.ActiveCfg = Release|Any CPU
		{F2F5D757-4931-432E-B56D-CA0548853544}.Release|x64.Build.0 = Release|Any CPU
		{F2F5D757-4931-432E-B56D-CA0548853544}.Release|x86.ActiveCfg = Release|Any CPU
		{F2F5D757-4931-432E-B56D-CA0548853544}.Release|x86.Build.0 = Release|Any CPU
		{9E0F4F7C-F043-40C2-A46F-4B8B9CD6051B}.Debug|Any CPU.ActiveCfg = Debug|Any CPU
		{9E0F4F7C-F043-40C2-A46F-4B8B9CD6051B}.Debug|Any CPU.Build.0 = Debug|Any CPU
		{9E0F4F7C-F043-40C2-A46F-4B8B9CD6051B}.Debug|x64.ActiveCfg = Debug|Any CPU
		{9E0F4F7C-F043-40C2-A46F-4B8B9CD6051B}.Debug|x64.Build.0 = Debug|Any CPU
		{9E0F4F7C-F043-40C2-A46F-4B8B9CD6051B}.Debug|x86.ActiveCfg = Debug|Any CPU
		{9E0F4F7C-F043-40C2-A46F-4B8B9CD6051B}.Debug|x86.Build.0 = Debug|Any CPU
		{9E0F4F7C-F043-40C2-A46F-4B8B9CD6051B}.Release|Any CPU.ActiveCfg = Release|Any CPU
		{9E0F4F7C-F043-40C2-A46F-4B8B9CD6051B}.Release|Any CPU.Build.0 = Release|Any CPU
		{9E0F4F7C-F043-40C2-A46F-4B8B9CD6051B}.Release|x64.ActiveCfg = Release|Any CPU
		{9E0F4F7C-F043-40C2-A46F-4B8B9CD6051B}.Release|x64.Build.0 = Release|Any CPU
		{9E0F4F7C-F043-40C2-A46F-4B8B9CD6051B}.Release|x86.ActiveCfg = Release|Any CPU
		{9E0F4F7C-F043-40C2-A46F-4B8B9CD6051B}.Release|x86.Build.0 = Release|Any CPU
		{0393919F-5004-44BA-A33D-13F3CA341C63}.Debug|Any CPU.ActiveCfg = Debug|Any CPU
		{0393919F-5004-44BA-A33D-13F3CA341C63}.Debug|Any CPU.Build.0 = Debug|Any CPU
		{0393919F-5004-44BA-A33D-13F3CA341C63}.Debug|x64.ActiveCfg = Debug|Any CPU
		{0393919F-5004-44BA-A33D-13F3CA341C63}.Debug|x64.Build.0 = Debug|Any CPU
		{0393919F-5004-44BA-A33D-13F3CA341C63}.Debug|x86.ActiveCfg = Debug|Any CPU
		{0393919F-5004-44BA-A33D-13F3CA341C63}.Debug|x86.Build.0 = Debug|Any CPU
		{0393919F-5004-44BA-A33D-13F3CA341C63}.Release|Any CPU.ActiveCfg = Release|Any CPU
		{0393919F-5004-44BA-A33D-13F3CA341C63}.Release|Any CPU.Build.0 = Release|Any CPU
		{0393919F-5004-44BA-A33D-13F3CA341C63}.Release|x64.ActiveCfg = Release|Any CPU
		{0393919F-5004-44BA-A33D-13F3CA341C63}.Release|x64.Build.0 = Release|Any CPU
		{0393919F-5004-44BA-A33D-13F3CA341C63}.Release|x86.ActiveCfg = Release|Any CPU
		{0393919F-5004-44BA-A33D-13F3CA341C63}.Release|x86.Build.0 = Release|Any CPU
		{2297ECD4-1456-4C64-8DD8-8E52447D0017}.Debug|Any CPU.ActiveCfg = Debug|Any CPU
		{2297ECD4-1456-4C64-8DD8-8E52447D0017}.Debug|Any CPU.Build.0 = Debug|Any CPU
		{2297ECD4-1456-4C64-8DD8-8E52447D0017}.Debug|x64.ActiveCfg = Debug|Any CPU
		{2297ECD4-1456-4C64-8DD8-8E52447D0017}.Debug|x64.Build.0 = Debug|Any CPU
		{2297ECD4-1456-4C64-8DD8-8E52447D0017}.Debug|x86.ActiveCfg = Debug|Any CPU
		{2297ECD4-1456-4C64-8DD8-8E52447D0017}.Debug|x86.Build.0 = Debug|Any CPU
		{2297ECD4-1456-4C64-8DD8-8E52447D0017}.Release|Any CPU.ActiveCfg = Release|Any CPU
		{2297ECD4-1456-4C64-8DD8-8E52447D0017}.Release|Any CPU.Build.0 = Release|Any CPU
		{2297ECD4-1456-4C64-8DD8-8E52447D0017}.Release|x64.ActiveCfg = Release|Any CPU
		{2297ECD4-1456-4C64-8DD8-8E52447D0017}.Release|x64.Build.0 = Release|Any CPU
		{2297ECD4-1456-4C64-8DD8-8E52447D0017}.Release|x86.ActiveCfg = Release|Any CPU
		{2297ECD4-1456-4C64-8DD8-8E52447D0017}.Release|x86.Build.0 = Release|Any CPU
		{752CAC1B-A080-45D5-8CEB-C51F46524627}.Debug|Any CPU.ActiveCfg = Debug|Any CPU
		{752CAC1B-A080-45D5-8CEB-C51F46524627}.Debug|Any CPU.Build.0 = Debug|Any CPU
		{752CAC1B-A080-45D5-8CEB-C51F46524627}.Debug|x64.ActiveCfg = Debug|Any CPU
		{752CAC1B-A080-45D5-8CEB-C51F46524627}.Debug|x64.Build.0 = Debug|Any CPU
		{752CAC1B-A080-45D5-8CEB-C51F46524627}.Debug|x86.ActiveCfg = Debug|Any CPU
		{752CAC1B-A080-45D5-8CEB-C51F46524627}.Debug|x86.Build.0 = Debug|Any CPU
		{752CAC1B-A080-45D5-8CEB-C51F46524627}.Release|Any CPU.ActiveCfg = Release|Any CPU
		{752CAC1B-A080-45D5-8CEB-C51F46524627}.Release|Any CPU.Build.0 = Release|Any CPU
		{752CAC1B-A080-45D5-8CEB-C51F46524627}.Release|x64.ActiveCfg = Release|Any CPU
		{752CAC1B-A080-45D5-8CEB-C51F46524627}.Release|x64.Build.0 = Release|Any CPU
		{752CAC1B-A080-45D5-8CEB-C51F46524627}.Release|x86.ActiveCfg = Release|Any CPU
		{752CAC1B-A080-45D5-8CEB-C51F46524627}.Release|x86.Build.0 = Release|Any CPU
		{4393E97A-559D-4BB6-B9EC-1E45F682C1EE}.Debug|Any CPU.ActiveCfg = Debug|Any CPU
		{4393E97A-559D-4BB6-B9EC-1E45F682C1EE}.Debug|Any CPU.Build.0 = Debug|Any CPU
		{4393E97A-559D-4BB6-B9EC-1E45F682C1EE}.Debug|x64.ActiveCfg = Debug|Any CPU
		{4393E97A-559D-4BB6-B9EC-1E45F682C1EE}.Debug|x64.Build.0 = Debug|Any CPU
		{4393E97A-559D-4BB6-B9EC-1E45F682C1EE}.Debug|x86.ActiveCfg = Debug|Any CPU
		{4393E97A-559D-4BB6-B9EC-1E45F682C1EE}.Debug|x86.Build.0 = Debug|Any CPU
		{4393E97A-559D-4BB6-B9EC-1E45F682C1EE}.Release|Any CPU.ActiveCfg = Release|Any CPU
		{4393E97A-559D-4BB6-B9EC-1E45F682C1EE}.Release|Any CPU.Build.0 = Release|Any CPU
		{4393E97A-559D-4BB6-B9EC-1E45F682C1EE}.Release|x64.ActiveCfg = Release|Any CPU
		{4393E97A-559D-4BB6-B9EC-1E45F682C1EE}.Release|x64.Build.0 = Release|Any CPU
		{4393E97A-559D-4BB6-B9EC-1E45F682C1EE}.Release|x86.ActiveCfg = Release|Any CPU
		{4393E97A-559D-4BB6-B9EC-1E45F682C1EE}.Release|x86.Build.0 = Release|Any CPU
		{E943258B-224E-4661-8A69-963A64D0CDCC}.Debug|Any CPU.ActiveCfg = Debug|Any CPU
		{E943258B-224E-4661-8A69-963A64D0CDCC}.Debug|Any CPU.Build.0 = Debug|Any CPU
		{E943258B-224E-4661-8A69-963A64D0CDCC}.Debug|x64.ActiveCfg = Debug|Any CPU
		{E943258B-224E-4661-8A69-963A64D0CDCC}.Debug|x64.Build.0 = Debug|Any CPU
		{E943258B-224E-4661-8A69-963A64D0CDCC}.Debug|x86.ActiveCfg = Debug|Any CPU
		{E943258B-224E-4661-8A69-963A64D0CDCC}.Debug|x86.Build.0 = Debug|Any CPU
		{E943258B-224E-4661-8A69-963A64D0CDCC}.Release|Any CPU.ActiveCfg = Release|Any CPU
		{E943258B-224E-4661-8A69-963A64D0CDCC}.Release|Any CPU.Build.0 = Release|Any CPU
		{E943258B-224E-4661-8A69-963A64D0CDCC}.Release|x64.ActiveCfg = Release|Any CPU
		{E943258B-224E-4661-8A69-963A64D0CDCC}.Release|x64.Build.0 = Release|Any CPU
		{E943258B-224E-4661-8A69-963A64D0CDCC}.Release|x86.ActiveCfg = Release|Any CPU
		{E943258B-224E-4661-8A69-963A64D0CDCC}.Release|x86.Build.0 = Release|Any CPU
		{44E617CD-EDFA-409B-A715-B9B434F555C5}.Debug|Any CPU.ActiveCfg = Debug|Any CPU
		{44E617CD-EDFA-409B-A715-B9B434F555C5}.Debug|Any CPU.Build.0 = Debug|Any CPU
		{44E617CD-EDFA-409B-A715-B9B434F555C5}.Debug|x64.ActiveCfg = Debug|Any CPU
		{44E617CD-EDFA-409B-A715-B9B434F555C5}.Debug|x64.Build.0 = Debug|Any CPU
		{44E617CD-EDFA-409B-A715-B9B434F555C5}.Debug|x86.ActiveCfg = Debug|Any CPU
		{44E617CD-EDFA-409B-A715-B9B434F555C5}.Debug|x86.Build.0 = Debug|Any CPU
		{44E617CD-EDFA-409B-A715-B9B434F555C5}.Release|Any CPU.ActiveCfg = Release|Any CPU
		{44E617CD-EDFA-409B-A715-B9B434F555C5}.Release|Any CPU.Build.0 = Release|Any CPU
		{44E617CD-EDFA-409B-A715-B9B434F555C5}.Release|x64.ActiveCfg = Release|Any CPU
		{44E617CD-EDFA-409B-A715-B9B434F555C5}.Release|x64.Build.0 = Release|Any CPU
		{44E617CD-EDFA-409B-A715-B9B434F555C5}.Release|x86.ActiveCfg = Release|Any CPU
		{44E617CD-EDFA-409B-A715-B9B434F555C5}.Release|x86.Build.0 = Release|Any CPU
		{4564435E-1C05-41F3-876E-47069470FE22}.Debug|Any CPU.ActiveCfg = Debug|Any CPU
		{4564435E-1C05-41F3-876E-47069470FE22}.Debug|Any CPU.Build.0 = Debug|Any CPU
		{4564435E-1C05-41F3-876E-47069470FE22}.Debug|x64.ActiveCfg = Debug|Any CPU
		{4564435E-1C05-41F3-876E-47069470FE22}.Debug|x64.Build.0 = Debug|Any CPU
		{4564435E-1C05-41F3-876E-47069470FE22}.Debug|x86.ActiveCfg = Debug|Any CPU
		{4564435E-1C05-41F3-876E-47069470FE22}.Debug|x86.Build.0 = Debug|Any CPU
		{4564435E-1C05-41F3-876E-47069470FE22}.Release|Any CPU.ActiveCfg = Release|Any CPU
		{4564435E-1C05-41F3-876E-47069470FE22}.Release|Any CPU.Build.0 = Release|Any CPU
		{4564435E-1C05-41F3-876E-47069470FE22}.Release|x64.ActiveCfg = Release|Any CPU
		{4564435E-1C05-41F3-876E-47069470FE22}.Release|x64.Build.0 = Release|Any CPU
		{4564435E-1C05-41F3-876E-47069470FE22}.Release|x86.ActiveCfg = Release|Any CPU
		{4564435E-1C05-41F3-876E-47069470FE22}.Release|x86.Build.0 = Release|Any CPU
		{2928FB3A-5603-4DC4-89CB-EAA5C3D48CD3}.Debug|Any CPU.ActiveCfg = Debug|Any CPU
		{2928FB3A-5603-4DC4-89CB-EAA5C3D48CD3}.Debug|Any CPU.Build.0 = Debug|Any CPU
		{2928FB3A-5603-4DC4-89CB-EAA5C3D48CD3}.Debug|x64.ActiveCfg = Debug|Any CPU
		{2928FB3A-5603-4DC4-89CB-EAA5C3D48CD3}.Debug|x64.Build.0 = Debug|Any CPU
		{2928FB3A-5603-4DC4-89CB-EAA5C3D48CD3}.Debug|x86.ActiveCfg = Debug|Any CPU
		{2928FB3A-5603-4DC4-89CB-EAA5C3D48CD3}.Debug|x86.Build.0 = Debug|Any CPU
		{2928FB3A-5603-4DC4-89CB-EAA5C3D48CD3}.Release|Any CPU.ActiveCfg = Release|Any CPU
		{2928FB3A-5603-4DC4-89CB-EAA5C3D48CD3}.Release|Any CPU.Build.0 = Release|Any CPU
		{2928FB3A-5603-4DC4-89CB-EAA5C3D48CD3}.Release|x64.ActiveCfg = Release|Any CPU
		{2928FB3A-5603-4DC4-89CB-EAA5C3D48CD3}.Release|x64.Build.0 = Release|Any CPU
		{2928FB3A-5603-4DC4-89CB-EAA5C3D48CD3}.Release|x86.ActiveCfg = Release|Any CPU
		{2928FB3A-5603-4DC4-89CB-EAA5C3D48CD3}.Release|x86.Build.0 = Release|Any CPU
		{6885CF20-3E82-4FD9-B33B-7AD9AEC0B722}.Debug|Any CPU.ActiveCfg = Debug|Any CPU
		{6885CF20-3E82-4FD9-B33B-7AD9AEC0B722}.Debug|Any CPU.Build.0 = Debug|Any CPU
		{6885CF20-3E82-4FD9-B33B-7AD9AEC0B722}.Debug|x64.ActiveCfg = Debug|Any CPU
		{6885CF20-3E82-4FD9-B33B-7AD9AEC0B722}.Debug|x64.Build.0 = Debug|Any CPU
		{6885CF20-3E82-4FD9-B33B-7AD9AEC0B722}.Debug|x86.ActiveCfg = Debug|Any CPU
		{6885CF20-3E82-4FD9-B33B-7AD9AEC0B722}.Debug|x86.Build.0 = Debug|Any CPU
		{6885CF20-3E82-4FD9-B33B-7AD9AEC0B722}.Release|Any CPU.ActiveCfg = Release|Any CPU
		{6885CF20-3E82-4FD9-B33B-7AD9AEC0B722}.Release|Any CPU.Build.0 = Release|Any CPU
		{6885CF20-3E82-4FD9-B33B-7AD9AEC0B722}.Release|x64.ActiveCfg = Release|Any CPU
		{6885CF20-3E82-4FD9-B33B-7AD9AEC0B722}.Release|x64.Build.0 = Release|Any CPU
		{6885CF20-3E82-4FD9-B33B-7AD9AEC0B722}.Release|x86.ActiveCfg = Release|Any CPU
		{6885CF20-3E82-4FD9-B33B-7AD9AEC0B722}.Release|x86.Build.0 = Release|Any CPU
		{C0CFD465-81AF-4AF0-A975-1CF145989083}.Debug|Any CPU.ActiveCfg = Debug|Any CPU
		{C0CFD465-81AF-4AF0-A975-1CF145989083}.Debug|Any CPU.Build.0 = Debug|Any CPU
		{C0CFD465-81AF-4AF0-A975-1CF145989083}.Debug|x64.ActiveCfg = Debug|Any CPU
		{C0CFD465-81AF-4AF0-A975-1CF145989083}.Debug|x64.Build.0 = Debug|Any CPU
		{C0CFD465-81AF-4AF0-A975-1CF145989083}.Debug|x86.ActiveCfg = Debug|Any CPU
		{C0CFD465-81AF-4AF0-A975-1CF145989083}.Debug|x86.Build.0 = Debug|Any CPU
		{C0CFD465-81AF-4AF0-A975-1CF145989083}.Release|Any CPU.ActiveCfg = Release|Any CPU
		{C0CFD465-81AF-4AF0-A975-1CF145989083}.Release|Any CPU.Build.0 = Release|Any CPU
		{C0CFD465-81AF-4AF0-A975-1CF145989083}.Release|x64.ActiveCfg = Release|Any CPU
		{C0CFD465-81AF-4AF0-A975-1CF145989083}.Release|x64.Build.0 = Release|Any CPU
		{C0CFD465-81AF-4AF0-A975-1CF145989083}.Release|x86.ActiveCfg = Release|Any CPU
		{C0CFD465-81AF-4AF0-A975-1CF145989083}.Release|x86.Build.0 = Release|Any CPU
		{D881362B-3E7A-4B96-B14E-30684A45C87D}.Debug|Any CPU.ActiveCfg = Debug|Any CPU
		{D881362B-3E7A-4B96-B14E-30684A45C87D}.Debug|Any CPU.Build.0 = Debug|Any CPU
		{D881362B-3E7A-4B96-B14E-30684A45C87D}.Debug|x64.ActiveCfg = Debug|Any CPU
		{D881362B-3E7A-4B96-B14E-30684A45C87D}.Debug|x64.Build.0 = Debug|Any CPU
		{D881362B-3E7A-4B96-B14E-30684A45C87D}.Debug|x86.ActiveCfg = Debug|Any CPU
		{D881362B-3E7A-4B96-B14E-30684A45C87D}.Debug|x86.Build.0 = Debug|Any CPU
		{D881362B-3E7A-4B96-B14E-30684A45C87D}.Release|Any CPU.ActiveCfg = Release|Any CPU
		{D881362B-3E7A-4B96-B14E-30684A45C87D}.Release|Any CPU.Build.0 = Release|Any CPU
		{D881362B-3E7A-4B96-B14E-30684A45C87D}.Release|x64.ActiveCfg = Release|Any CPU
		{D881362B-3E7A-4B96-B14E-30684A45C87D}.Release|x64.Build.0 = Release|Any CPU
		{D881362B-3E7A-4B96-B14E-30684A45C87D}.Release|x86.ActiveCfg = Release|Any CPU
		{D881362B-3E7A-4B96-B14E-30684A45C87D}.Release|x86.Build.0 = Release|Any CPU
		{F1CABA46-5CFB-409C-A8CC-CD2ABF9906C8}.Debug|Any CPU.ActiveCfg = Debug|Any CPU
		{F1CABA46-5CFB-409C-A8CC-CD2ABF9906C8}.Debug|Any CPU.Build.0 = Debug|Any CPU
		{F1CABA46-5CFB-409C-A8CC-CD2ABF9906C8}.Debug|x64.ActiveCfg = Debug|Any CPU
		{F1CABA46-5CFB-409C-A8CC-CD2ABF9906C8}.Debug|x64.Build.0 = Debug|Any CPU
		{F1CABA46-5CFB-409C-A8CC-CD2ABF9906C8}.Debug|x86.ActiveCfg = Debug|Any CPU
		{F1CABA46-5CFB-409C-A8CC-CD2ABF9906C8}.Debug|x86.Build.0 = Debug|Any CPU
		{F1CABA46-5CFB-409C-A8CC-CD2ABF9906C8}.Release|Any CPU.ActiveCfg = Release|Any CPU
		{F1CABA46-5CFB-409C-A8CC-CD2ABF9906C8}.Release|Any CPU.Build.0 = Release|Any CPU
		{F1CABA46-5CFB-409C-A8CC-CD2ABF9906C8}.Release|x64.ActiveCfg = Release|Any CPU
		{F1CABA46-5CFB-409C-A8CC-CD2ABF9906C8}.Release|x64.Build.0 = Release|Any CPU
		{F1CABA46-5CFB-409C-A8CC-CD2ABF9906C8}.Release|x86.ActiveCfg = Release|Any CPU
		{F1CABA46-5CFB-409C-A8CC-CD2ABF9906C8}.Release|x86.Build.0 = Release|Any CPU
		{5CA957B4-899D-4883-9D99-179DA8E0FC2A}.Debug|Any CPU.ActiveCfg = Debug|Any CPU
		{5CA957B4-899D-4883-9D99-179DA8E0FC2A}.Debug|Any CPU.Build.0 = Debug|Any CPU
		{5CA957B4-899D-4883-9D99-179DA8E0FC2A}.Debug|x64.ActiveCfg = Debug|Any CPU
		{5CA957B4-899D-4883-9D99-179DA8E0FC2A}.Debug|x64.Build.0 = Debug|Any CPU
		{5CA957B4-899D-4883-9D99-179DA8E0FC2A}.Debug|x86.ActiveCfg = Debug|Any CPU
		{5CA957B4-899D-4883-9D99-179DA8E0FC2A}.Debug|x86.Build.0 = Debug|Any CPU
		{5CA957B4-899D-4883-9D99-179DA8E0FC2A}.Release|Any CPU.ActiveCfg = Release|Any CPU
		{5CA957B4-899D-4883-9D99-179DA8E0FC2A}.Release|Any CPU.Build.0 = Release|Any CPU
		{5CA957B4-899D-4883-9D99-179DA8E0FC2A}.Release|x64.ActiveCfg = Release|Any CPU
		{5CA957B4-899D-4883-9D99-179DA8E0FC2A}.Release|x64.Build.0 = Release|Any CPU
		{5CA957B4-899D-4883-9D99-179DA8E0FC2A}.Release|x86.ActiveCfg = Release|Any CPU
		{5CA957B4-899D-4883-9D99-179DA8E0FC2A}.Release|x86.Build.0 = Release|Any CPU
		{E7759FD1-CCAF-456D-AFF4-CFBBDE4283B1}.Debug|Any CPU.ActiveCfg = Debug|Any CPU
		{E7759FD1-CCAF-456D-AFF4-CFBBDE4283B1}.Debug|Any CPU.Build.0 = Debug|Any CPU
		{E7759FD1-CCAF-456D-AFF4-CFBBDE4283B1}.Debug|x64.ActiveCfg = Debug|Any CPU
		{E7759FD1-CCAF-456D-AFF4-CFBBDE4283B1}.Debug|x64.Build.0 = Debug|Any CPU
		{E7759FD1-CCAF-456D-AFF4-CFBBDE4283B1}.Debug|x86.ActiveCfg = Debug|Any CPU
		{E7759FD1-CCAF-456D-AFF4-CFBBDE4283B1}.Debug|x86.Build.0 = Debug|Any CPU
		{E7759FD1-CCAF-456D-AFF4-CFBBDE4283B1}.Release|Any CPU.ActiveCfg = Release|Any CPU
		{E7759FD1-CCAF-456D-AFF4-CFBBDE4283B1}.Release|Any CPU.Build.0 = Release|Any CPU
		{E7759FD1-CCAF-456D-AFF4-CFBBDE4283B1}.Release|x64.ActiveCfg = Release|Any CPU
		{E7759FD1-CCAF-456D-AFF4-CFBBDE4283B1}.Release|x64.Build.0 = Release|Any CPU
		{E7759FD1-CCAF-456D-AFF4-CFBBDE4283B1}.Release|x86.ActiveCfg = Release|Any CPU
		{E7759FD1-CCAF-456D-AFF4-CFBBDE4283B1}.Release|x86.Build.0 = Release|Any CPU
		{2DFC1C2D-67CB-4F9A-B4ED-3965EC09B2FD}.Debug|Any CPU.ActiveCfg = Debug|Any CPU
		{2DFC1C2D-67CB-4F9A-B4ED-3965EC09B2FD}.Debug|Any CPU.Build.0 = Debug|Any CPU
		{2DFC1C2D-67CB-4F9A-B4ED-3965EC09B2FD}.Debug|x64.ActiveCfg = Debug|Any CPU
		{2DFC1C2D-67CB-4F9A-B4ED-3965EC09B2FD}.Debug|x64.Build.0 = Debug|Any CPU
		{2DFC1C2D-67CB-4F9A-B4ED-3965EC09B2FD}.Debug|x86.ActiveCfg = Debug|Any CPU
		{2DFC1C2D-67CB-4F9A-B4ED-3965EC09B2FD}.Debug|x86.Build.0 = Debug|Any CPU
		{2DFC1C2D-67CB-4F9A-B4ED-3965EC09B2FD}.Release|Any CPU.ActiveCfg = Release|Any CPU
		{2DFC1C2D-67CB-4F9A-B4ED-3965EC09B2FD}.Release|Any CPU.Build.0 = Release|Any CPU
		{2DFC1C2D-67CB-4F9A-B4ED-3965EC09B2FD}.Release|x64.ActiveCfg = Release|Any CPU
		{2DFC1C2D-67CB-4F9A-B4ED-3965EC09B2FD}.Release|x64.Build.0 = Release|Any CPU
		{2DFC1C2D-67CB-4F9A-B4ED-3965EC09B2FD}.Release|x86.ActiveCfg = Release|Any CPU
		{2DFC1C2D-67CB-4F9A-B4ED-3965EC09B2FD}.Release|x86.Build.0 = Release|Any CPU
	EndGlobalSection
	GlobalSection(SolutionProperties) = preSolution
		HideSolutionNode = FALSE
	EndGlobalSection
	GlobalSection(NestedProjects) = preSolution
		{B3B0710B-A4B1-B3F9-E8B7-F52DA389B1B2} = {7E61E377-C113-24C7-9436-145B34965ACD}
		{9B07129D-61CA-4E46-8A5A-85003DA46B50} = {B3B0710B-A4B1-B3F9-E8B7-F52DA389B1B2}
		{F6184ACD-9975-B00B-6E03-AF5C21D8DDA5} = {4BE5A275-7D81-538D-2CB3-AE0E7182FED6}
		{6B984DCB-C3F4-458F-AEC6-AA17C2F28FB6} = {F6184ACD-9975-B00B-6E03-AF5C21D8DDA5}
		{F9CDDBA1-FDE9-2EB9-3C68-33C0E7920E6E} = {4BE5A275-7D81-538D-2CB3-AE0E7182FED6}
		{300F965D-08C2-4921-A1B1-8823FC4F1536} = {F9CDDBA1-FDE9-2EB9-3C68-33C0E7920E6E}
		{67C3E15A-78DF-E073-FDED-EDF562B839C5} = {4BE5A275-7D81-538D-2CB3-AE0E7182FED6}
		{F2F5D757-4931-432E-B56D-CA0548853544} = {67C3E15A-78DF-E073-FDED-EDF562B839C5}
		{A379DDD6-9178-78EA-D3DD-609F677415F6} = {4BE5A275-7D81-538D-2CB3-AE0E7182FED6}
		{9E0F4F7C-F043-40C2-A46F-4B8B9CD6051B} = {A379DDD6-9178-78EA-D3DD-609F677415F6}
		{0A3157F8-6A76-AE20-7EF9-0D8FA4599998} = {4BE5A275-7D81-538D-2CB3-AE0E7182FED6}
		{0393919F-5004-44BA-A33D-13F3CA341C63} = {0A3157F8-6A76-AE20-7EF9-0D8FA4599998}
		{B54217AB-8827-5C11-0426-D2A87F5D3132} = {4BE5A275-7D81-538D-2CB3-AE0E7182FED6}
		{2C5EC01F-4BDC-92C8-F2F5-51BDC9681001} = {B54217AB-8827-5C11-0426-D2A87F5D3132}
		{2297ECD4-1456-4C64-8DD8-8E52447D0017} = {2C5EC01F-4BDC-92C8-F2F5-51BDC9681001}
		{0F2ECC41-7727-AAA2-A0AB-795A12D67A45} = {B54217AB-8827-5C11-0426-D2A87F5D3132}
		{752CAC1B-A080-45D5-8CEB-C51F46524627} = {0F2ECC41-7727-AAA2-A0AB-795A12D67A45}
		{700BB0CE-5D13-41BE-5D67-698401E475D8} = {CC21A367-6E05-5929-8589-474FAFAB30B5}
		{4393E97A-559D-4BB6-B9EC-1E45F682C1EE} = {700BB0CE-5D13-41BE-5D67-698401E475D8}
		{F443D132-F7D6-2DE4-DD41-5E120C56AEC7} = {CC21A367-6E05-5929-8589-474FAFAB30B5}
		{F909DBE9-8DFC-8857-E86D-DEBEA3C42F59} = {F443D132-F7D6-2DE4-DD41-5E120C56AEC7}
		{01C49991-93AF-8496-FCB8-714F0CE6E232} = {F909DBE9-8DFC-8857-E86D-DEBEA3C42F59}
		{E943258B-224E-4661-8A69-963A64D0CDCC} = {01C49991-93AF-8496-FCB8-714F0CE6E232}
		{316EFB2A-7C97-025A-40F2-F0A6AFD85983} = {CC21A367-6E05-5929-8589-474FAFAB30B5}
		{44E617CD-EDFA-409B-A715-B9B434F555C5} = {316EFB2A-7C97-025A-40F2-F0A6AFD85983}
		{D6F7E5CC-645E-37B0-AF59-DEC44513F82A} = {F909DBE9-8DFC-8857-E86D-DEBEA3C42F59}
		{4564435E-1C05-41F3-876E-47069470FE22} = {D6F7E5CC-645E-37B0-AF59-DEC44513F82A}
		{633AF028-B33F-6A87-D5A7-B7BBFD202A07} = {F909DBE9-8DFC-8857-E86D-DEBEA3C42F59}
		{2928FB3A-5603-4DC4-89CB-EAA5C3D48CD3} = {633AF028-B33F-6A87-D5A7-B7BBFD202A07}
		{103A3C67-04FC-200B-519C-A78A298768B6} = {F909DBE9-8DFC-8857-E86D-DEBEA3C42F59}
		{6885CF20-3E82-4FD9-B33B-7AD9AEC0B722} = {103A3C67-04FC-200B-519C-A78A298768B6}
		{947774DE-7B32-94AC-CDD8-705E44B0CF17} = {F909DBE9-8DFC-8857-E86D-DEBEA3C42F59}
		{C0CFD465-81AF-4AF0-A975-1CF145989083} = {947774DE-7B32-94AC-CDD8-705E44B0CF17}
		{3A4CB46A-E7F2-2CC2-571E-9265C8CA2066} = {F909DBE9-8DFC-8857-E86D-DEBEA3C42F59}
		{D881362B-3E7A-4B96-B14E-30684A45C87D} = {3A4CB46A-E7F2-2CC2-571E-9265C8CA2066}
		{FAA34CCC-3E8B-551B-A56E-7A6C95109086} = {CC21A367-6E05-5929-8589-474FAFAB30B5}
		{F1CABA46-5CFB-409C-A8CC-CD2ABF9906C8} = {FAA34CCC-3E8B-551B-A56E-7A6C95109086}
		{E994A6E5-201B-2154-68E9-A3FF1E5D0F68} = {5AAD9A2B-ADDF-B7BE-2B27-9B2B733A5562}
		{5CA957B4-899D-4883-9D99-179DA8E0FC2A} = {E994A6E5-201B-2154-68E9-A3FF1E5D0F68}
		{B1B3B349-1A85-903B-8236-87C8AF1C293B} = {5AAD9A2B-ADDF-B7BE-2B27-9B2B733A5562}
		{E7759FD1-CCAF-456D-AFF4-CFBBDE4283B1} = {B1B3B349-1A85-903B-8236-87C8AF1C293B}
		{AA76B057-39D9-C44C-D603-06CF6E1F7A2B} = {5AAD9A2B-ADDF-B7BE-2B27-9B2B733A5562}
		{2DFC1C2D-67CB-4F9A-B4ED-3965EC09B2FD} = {AA76B057-39D9-C44C-D603-06CF6E1F7A2B}
	EndGlobalSection
EndGlobal
