
Microsoft Visual Studio Solution File, Format Version 12.00
Project("{2150E333-8FDC-42A3-9474-1A3956D46DE8}") = "accounting", "accounting", "{D91CD05E-287B-4F51-B731-8DC36C19A246}"
EndProject
Project("{2150E333-8FDC-42A3-9474-1A3956D46DE8}") = "event-management", "event-management", "{084FF1B8-6DF4-4130-9EDD-30CA6ABD66EC}"
EndProject
Project("{2150E333-8FDC-42A3-9474-1A3956D46DE8}") = "GameserverManagement", "GameserverManagement", "{F01C0861-BF3A-42FE-A3B4-0F0FEDB4B62C}"
EndProject
Project("{2150E333-8FDC-42A3-9474-1A3956D46DE8}") = "MemberManagement", "MemberManagement", "{4D2E8816-7E83-4B8E-A723-F29F3AFEB53C}"
EndProject
Project("{2150E333-8FDC-42A3-9474-1A3956D46DE8}") = "discord-connection", "discord-connection", "{000D614A-F5B1-4E55-86DB-BCB9C1081736}"
EndProject
Project("{FAE04EC0-301F-11D3-BF4B-00C04F79EFBC}") = "MemberManagement.Application", "src\modules\MemberManagement\MemberManagement.Application\MemberManagement.Application.csproj", "{DF0CFE7D-70BF-4DDA-A517-7D6B74A18217}"
EndProject
Project("{FAE04EC0-301F-11D3-BF4B-00C04F79EFBC}") = "MemberManagement.Domain", "src\modules\MemberManagement\MemberManagement.Domain\MemberManagement.Domain.csproj", "{D245B692-AEA6-4D1C-8815-80B575D7E737}"
EndProject
Project("{2150E333-8FDC-42A3-9474-1A3956D46DE8}") = "UserManagement", "UserManagement", "{9E58987B-5CF1-4AB1-8BF3-F8D7A04E9544}"
EndProject
Project("{FAE04EC0-301F-11D3-BF4B-00C04F79EFBC}") = "UserManagement.Domain", "src\modules\UserManagement\UserManagement.Domain\UserManagement.Domain.csproj", "{A494DE62-0209-4725-AAFC-6EAE91E107A7}"
EndProject
Project("{FAE04EC0-301F-11D3-BF4B-00C04F79EFBC}") = "UserManagement.Application", "src\modules\UserManagement\UserManagement.Application\UserManagement.Application.csproj", "{28C1DC28-D291-4273-BD4A-3B2E8AF5052E}"
EndProject
Project("{FAE04EC0-301F-11D3-BF4B-00C04F79EFBC}") = "UserManagement.Contracts", "src\modules\UserManagement\UserManagement.Contracts\UserManagement.Contracts.csproj", "{AECAC8FB-9287-4F37-8B2F-B3728FECC051}"
EndProject
Project("{FAE04EC0-301F-11D3-BF4B-00C04F79EFBC}") = "MemberManagement.Contracts", "src\modules\MemberManagement\MemberManagement.Contracts\MemberManagement.Contracts.csproj", "{D78319CB-C002-48FC-84E3-4807F8212667}"
EndProject
Project("{FAE04EC0-301F-11D3-BF4B-00C04F79EFBC}") = "MemberManagement.Infrastructure", "src\modules\MemberManagement\MemberManagement.Infrastructure\MemberManagement.Infrastructure.csproj", "{523002D1-4CED-48D7-85A4-77E7339385C4}"
EndProject
Project("{FAE04EC0-301F-11D3-BF4B-00C04F79EFBC}") = "Membermanagement.Tests", "src\modules\MemberManagement\Membermanagement.Tests\Membermanagement.Tests.csproj", "{3042B0DD-87BD-4E13-98B3-02BB49DD8202}"
EndProject
Project("{2150E333-8FDC-42A3-9474-1A3956D46DE8}") = "Common", "Common", "{784C9BDC-AA34-478F-9F51-20BFD73BCC3A}"
EndProject
Project("{FAE04EC0-301F-11D3-BF4B-00C04F79EFBC}") = "AKG.Common", "src\modules\AKG.Common\AKG.Common.csproj", "{7AA0C960-799E-4FEA-85BE-219A4F66B5C1}"
EndProject
Project("{FAE04EC0-301F-11D3-BF4B-00C04F79EFBC}") = "MemberManagement.Api", "src\modules\MemberManagement\MemberManagement.Api\MemberManagement.Api.csproj", "{EEACBAFB-559C-43DE-AA03-9862F67E970A}"
EndProject
Project("{FAE04EC0-301F-11D3-BF4B-00C04F79EFBC}") = "ManagementTool.WebApi", "src\ManagementTool.WebApi\ManagementTool.WebApi.csproj", "{83796A1E-4B91-40F0-B63C-EA69A16AA3C6}"
EndProject
Project("{FAE04EC0-301F-11D3-BF4B-00C04F79EFBC}") = "Frontend.Components", "src\frontend\Frontend.Components\Frontend.Components.csproj", "{71CCA1B1-C171-46B3-AC0A-447423BF01C2}"
EndProject
Project("{2150E333-8FDC-42A3-9474-1A3956D46DE8}") = "Frontend", "Frontend", "{3974AB6F-C0EC-4EC3-A40E-71017707AA0F}"
EndProject
Project("{FAE04EC0-301F-11D3-BF4B-00C04F79EFBC}") = "Frontend.Blazor", "src\frontend\Frontend.Blazor\Frontend.Blazor.csproj", "{8DC1B747-5093-4CD9-A9E1-C14E518239E0}"
EndProject
Global
	GlobalSection(SolutionConfigurationPlatforms) = preSolution
		Debug|Any CPU = Debug|Any CPU
		Release|Any CPU = Release|Any CPU
	EndGlobalSection
	GlobalSection(NestedProjects) = preSolution
		{DF0CFE7D-70BF-4DDA-A517-7D6B74A18217} = {4D2E8816-7E83-4B8E-A723-F29F3AFEB53C}
		{D245B692-AEA6-4D1C-8815-80B575D7E737} = {4D2E8816-7E83-4B8E-A723-F29F3AFEB53C}
		{A494DE62-0209-4725-AAFC-6EAE91E107A7} = {9E58987B-5CF1-4AB1-8BF3-F8D7A04E9544}
		{28C1DC28-D291-4273-BD4A-3B2E8AF5052E} = {9E58987B-5CF1-4AB1-8BF3-F8D7A04E9544}
		{AECAC8FB-9287-4F37-8B2F-B3728FECC051} = {9E58987B-5CF1-4AB1-8BF3-F8D7A04E9544}
		{D78319CB-C002-48FC-84E3-4807F8212667} = {4D2E8816-7E83-4B8E-A723-F29F3AFEB53C}
		{523002D1-4CED-48D7-85A4-77E7339385C4} = {4D2E8816-7E83-4B8E-A723-F29F3AFEB53C}
		{3042B0DD-87BD-4E13-98B3-02BB49DD8202} = {4D2E8816-7E83-4B8E-A723-F29F3AFEB53C}
		{7AA0C960-799E-4FEA-85BE-219A4F66B5C1} = {784C9BDC-AA34-478F-9F51-20BFD73BCC3A}
		{EEACBAFB-559C-43DE-AA03-9862F67E970A} = {4D2E8816-7E83-4B8E-A723-F29F3AFEB53C}
		{71CCA1B1-C171-46B3-AC0A-447423BF01C2} = {3974AB6F-C0EC-4EC3-A40E-71017707AA0F}
		{8DC1B747-5093-4CD9-A9E1-C14E518239E0} = {3974AB6F-C0EC-4EC3-A40E-71017707AA0F}
	EndGlobalSection
	GlobalSection(ProjectConfigurationPlatforms) = postSolution
		{DF0CFE7D-70BF-4DDA-A517-7D6B74A18217}.Debug|Any CPU.ActiveCfg = Debug|Any CPU
		{DF0CFE7D-70BF-4DDA-A517-7D6B74A18217}.Debug|Any CPU.Build.0 = Debug|Any CPU
		{DF0CFE7D-70BF-4DDA-A517-7D6B74A18217}.Release|Any CPU.ActiveCfg = Release|Any CPU
		{DF0CFE7D-70BF-4DDA-A517-7D6B74A18217}.Release|Any CPU.Build.0 = Release|Any CPU
		{D245B692-AEA6-4D1C-8815-80B575D7E737}.Debug|Any CPU.ActiveCfg = Debug|Any CPU
		{D245B692-AEA6-4D1C-8815-80B575D7E737}.Debug|Any CPU.Build.0 = Debug|Any CPU
		{D245B692-AEA6-4D1C-8815-80B575D7E737}.Release|Any CPU.ActiveCfg = Release|Any CPU
		{D245B692-AEA6-4D1C-8815-80B575D7E737}.Release|Any CPU.Build.0 = Release|Any CPU
		{A494DE62-0209-4725-AAFC-6EAE91E107A7}.Debug|Any CPU.ActiveCfg = Debug|Any CPU
		{A494DE62-0209-4725-AAFC-6EAE91E107A7}.Debug|Any CPU.Build.0 = Debug|Any CPU
		{A494DE62-0209-4725-AAFC-6EAE91E107A7}.Release|Any CPU.ActiveCfg = Release|Any CPU
		{A494DE62-0209-4725-AAFC-6EAE91E107A7}.Release|Any CPU.Build.0 = Release|Any CPU
		{28C1DC28-D291-4273-BD4A-3B2E8AF5052E}.Debug|Any CPU.ActiveCfg = Debug|Any CPU
		{28C1DC28-D291-4273-BD4A-3B2E8AF5052E}.Debug|Any CPU.Build.0 = Debug|Any CPU
		{28C1DC28-D291-4273-BD4A-3B2E8AF5052E}.Release|Any CPU.ActiveCfg = Release|Any CPU
		{28C1DC28-D291-4273-BD4A-3B2E8AF5052E}.Release|Any CPU.Build.0 = Release|Any CPU
		{AECAC8FB-9287-4F37-8B2F-B3728FECC051}.Debug|Any CPU.ActiveCfg = Debug|Any CPU
		{AECAC8FB-9287-4F37-8B2F-B3728FECC051}.Debug|Any CPU.Build.0 = Debug|Any CPU
		{AECAC8FB-9287-4F37-8B2F-B3728FECC051}.Release|Any CPU.ActiveCfg = Release|Any CPU
		{AECAC8FB-9287-4F37-8B2F-B3728FECC051}.Release|Any CPU.Build.0 = Release|Any CPU
		{D78319CB-C002-48FC-84E3-4807F8212667}.Debug|Any CPU.ActiveCfg = Debug|Any CPU
		{D78319CB-C002-48FC-84E3-4807F8212667}.Debug|Any CPU.Build.0 = Debug|Any CPU
		{D78319CB-C002-48FC-84E3-4807F8212667}.Release|Any CPU.ActiveCfg = Release|Any CPU
		{D78319CB-C002-48FC-84E3-4807F8212667}.Release|Any CPU.Build.0 = Release|Any CPU
		{523002D1-4CED-48D7-85A4-77E7339385C4}.Debug|Any CPU.ActiveCfg = Debug|Any CPU
		{523002D1-4CED-48D7-85A4-77E7339385C4}.Debug|Any CPU.Build.0 = Debug|Any CPU
		{523002D1-4CED-48D7-85A4-77E7339385C4}.Release|Any CPU.ActiveCfg = Release|Any CPU
		{523002D1-4CED-48D7-85A4-77E7339385C4}.Release|Any CPU.Build.0 = Release|Any CPU
		{3042B0DD-87BD-4E13-98B3-02BB49DD8202}.Debug|Any CPU.ActiveCfg = Debug|Any CPU
		{3042B0DD-87BD-4E13-98B3-02BB49DD8202}.Debug|Any CPU.Build.0 = Debug|Any CPU
		{3042B0DD-87BD-4E13-98B3-02BB49DD8202}.Release|Any CPU.ActiveCfg = Release|Any CPU
		{3042B0DD-87BD-4E13-98B3-02BB49DD8202}.Release|Any CPU.Build.0 = Release|Any CPU
		{7AA0C960-799E-4FEA-85BE-219A4F66B5C1}.Debug|Any CPU.ActiveCfg = Debug|Any CPU
		{7AA0C960-799E-4FEA-85BE-219A4F66B5C1}.Debug|Any CPU.Build.0 = Debug|Any CPU
		{7AA0C960-799E-4FEA-85BE-219A4F66B5C1}.Release|Any CPU.ActiveCfg = Release|Any CPU
		{7AA0C960-799E-4FEA-85BE-219A4F66B5C1}.Release|Any CPU.Build.0 = Release|Any CPU
		{EEACBAFB-559C-43DE-AA03-9862F67E970A}.Debug|Any CPU.ActiveCfg = Debug|Any CPU
		{EEACBAFB-559C-43DE-AA03-9862F67E970A}.Debug|Any CPU.Build.0 = Debug|Any CPU
		{EEACBAFB-559C-43DE-AA03-9862F67E970A}.Release|Any CPU.ActiveCfg = Release|Any CPU
		{EEACBAFB-559C-43DE-AA03-9862F67E970A}.Release|Any CPU.Build.0 = Release|Any CPU
		{83796A1E-4B91-40F0-B63C-EA69A16AA3C6}.Debug|Any CPU.ActiveCfg = Debug|Any CPU
		{83796A1E-4B91-40F0-B63C-EA69A16AA3C6}.Debug|Any CPU.Build.0 = Debug|Any CPU
		{83796A1E-4B91-40F0-B63C-EA69A16AA3C6}.Release|Any CPU.ActiveCfg = Release|Any CPU
		{83796A1E-4B91-40F0-B63C-EA69A16AA3C6}.Release|Any CPU.Build.0 = Release|Any CPU
		{71CCA1B1-C171-46B3-AC0A-447423BF01C2}.Debug|Any CPU.ActiveCfg = Debug|Any CPU
		{71CCA1B1-C171-46B3-AC0A-447423BF01C2}.Debug|Any CPU.Build.0 = Debug|Any CPU
		{71CCA1B1-C171-46B3-AC0A-447423BF01C2}.Release|Any CPU.ActiveCfg = Release|Any CPU
		{71CCA1B1-C171-46B3-AC0A-447423BF01C2}.Release|Any CPU.Build.0 = Release|Any CPU
		{8DC1B747-5093-4CD9-A9E1-C14E518239E0}.Debug|Any CPU.ActiveCfg = Debug|Any CPU
		{8DC1B747-5093-4CD9-A9E1-C14E518239E0}.Debug|Any CPU.Build.0 = Debug|Any CPU
		{8DC1B747-5093-4CD9-A9E1-C14E518239E0}.Release|Any CPU.ActiveCfg = Release|Any CPU
		{8DC1B747-5093-4CD9-A9E1-C14E518239E0}.Release|Any CPU.Build.0 = Release|Any CPU
	EndGlobalSection
EndGlobal
