
Microsoft Visual Studio Solution File, Format Version 12.00
Project("{2150E333-8FDC-42A3-9474-1A3956D46DE8}") = "src", "src", "{8AACE5E8-8C90-4092-957C-533052ABFF68}"
EndProject
Project("{2150E333-8FDC-42A3-9474-1A3956D46DE8}") = "accounting", "accounting", "{D91CD05E-287B-4F51-B731-8DC36C19A246}"
EndProject
Project("{2150E333-8FDC-42A3-9474-1A3956D46DE8}") = "common", "common", "{459A25AE-864E-468C-B941-964665C05A94}"
EndProject
Project("{2150E333-8FDC-42A3-9474-1A3956D46DE8}") = "event-management", "event-management", "{084FF1B8-6DF4-4130-9EDD-30CA6ABD66EC}"
EndProject
Project("{2150E333-8FDC-42A3-9474-1A3956D46DE8}") = "gameserver-management", "gameserver-management", "{F01C0861-BF3A-42FE-A3B4-0F0FEDB4B62C}"
EndProject
Project("{2150E333-8FDC-42A3-9474-1A3956D46DE8}") = "member-management", "member-management", "{4D2E8816-7E83-4B8E-A723-F29F3AFEB53C}"
EndProject
Project("{2150E333-8FDC-42A3-9474-1A3956D46DE8}") = "discord-connection", "discord-connection", "{000D614A-F5B1-4E55-86DB-BCB9C1081736}"
EndProject
Project("{2150E333-8FDC-42A3-9474-1A3956D46DE8}") = "build", "build", "{65301058-8309-4E92-8439-9C1010168A95}"
EndProject
Global
	GlobalSection(SolutionConfigurationPlatforms) = preSolution
		Debug|Any CPU = Debug|Any CPU
		Release|Any CPU = Release|Any CPU
	EndGlobalSection
	GlobalSection(NestedProjects) = preSolution
		{D91CD05E-287B-4F51-B731-8DC36C19A246} = {8AACE5E8-8C90-4092-957C-533052ABFF68}
		{459A25AE-864E-468C-B941-964665C05A94} = {8AACE5E8-8C90-4092-957C-533052ABFF68}
		{084FF1B8-6DF4-4130-9EDD-30CA6ABD66EC} = {8AACE5E8-8C90-4092-957C-533052ABFF68}
		{F01C0861-BF3A-42FE-A3B4-0F0FEDB4B62C} = {8AACE5E8-8C90-4092-957C-533052ABFF68}
		{4D2E8816-7E83-4B8E-A723-F29F3AFEB53C} = {8AACE5E8-8C90-4092-957C-533052ABFF68}
		{000D614A-F5B1-4E55-86DB-BCB9C1081736} = {8AACE5E8-8C90-4092-957C-533052ABFF68}
	EndGlobalSection
EndGlobal
