<Solution>
  <Project Path="Api/AkGaming.Identity.Api.csproj" />
  <Project Path="Application/AkGaming.Identity.Application.csproj" />
  <Project Path="Tests/Application.UnitTests/AkGaming.Identity.Application.UnitTests.csproj" />
  <Project Path="Tests/Api.IntegrationTests/AkGaming.Identity.Api.IntegrationTests.csproj" />
  <Project Path="Contracts/AkGaming.Identity.Contracts.csproj" />
  <Project Path="Domain/AkGaming.Identity.Domain.csproj" />
  <Project Path="Infrastructure/AkGaming.Identity.Infrastructure.csproj" />
</Solution>
